{
  "version": 4,
  "terraform_version": "1.4.5",
  "serial": 19,
  "lineage": "a2980b52-ae68-1a23-81d5-94071bafd244",
  "outputs": {
    "client_certificate": {
      "value": "",
      "type": "string",
      "sensitive": true
    },
    "client_key": {
      "value": "",
      "type": "string",
      "sensitive": true
    },
    "cluster_ca_certificate": {
      "value": "-----BEGIN CERTIFICATE-----\nMIIELTCCApWgAwIBAgIRANRVUDX00z/8Cpbc8SzoUicwDQYJKoZIhvcNAQELBQAw\nLzEtMCsGA1UEAxMkMmZjMzliNDEtY2JhMC00MWY2LThmZTUtZDAxNWIzNjUzNmZk\nMCAXDTIzMDQxODE1NDcwOVoYDzIwNTMwNDEwMTY0NzA5WjAvMS0wKwYDVQQDEyQy\nZmMzOWI0MS1jYmEwLTQxZjYtOGZlNS1kMDE1YjM2NTM2ZmQwggGiMA0GCSqGSIb3\nDQEBAQUAA4IBjwAwggGKAoIBgQDbOYUBTypGZ4DCaBrkkCvEi+b8fxQ5O/UxyZUH\nAK5TjS9sKHoAxvn6BvZkhlE9E/D1Cchkc/6HeQZf19lk0j/E2jEvSKH18LhEFgxx\nUl3fRwJLQ7kbNqPQc+4yEwm1tJ2uy48i54mtYDmN0qVlY6Dz2o6mIK2m40n7L5+D\nfTHMS9eCoMkoEir2VPq6tf71Ak1IqNhBpOVUiBJfFRO5duOTvdu2KLmwYah+eJA2\n9mp0tkR2b0cDvQi6B9Fzbwqv/WcYlv2PEVtgoWjCSJ7LfGlyDFFMtoiCn3Jbuu77\nbubLr+d7MTnBy9h+Aw32dUTjtuNpMTk7HHmrHsZGHTjEWOQpnKYUMD38XncKaMMa\ntKdiWwuC1Orn5NHmvGBod3t1Cz2RslTI9gtasnykyqrFxJ/L/JquOsN8Rki4RZBj\nmnH4TWsj4GTGFJU9am4GGY950Si+BcNtjI5AbD7f9DqwCdMyg2aKbknksWIdPIS9\nwqIDoJ9JJMLIoC0oVMIUpYbDLAMCAwEAAaNCMEAwDgYDVR0PAQH/BAQDAgIEMA8G\nA1UdEwEB/wQFMAMBAf8wHQYDVR0OBBYEFK1TtEnoJWzwNcETBL1GqYCdH3bSMA0G\nCSqGSIb3DQEBCwUAA4IBgQDXHbNZFBHqiqT0oC6hdBT5zu9KrKOPb9DaRZlTUhOX\nAiYMxsCFNszLfgWuJA51cE/BHjiGHXAO/MtznSJSz9a6aM73wMKG0tSeCBamVHTM\n+ZSbSYjTD0eUGBi3f/wXUoYeIJWjCYD9Bezw3xuF6A7uFF1FSmxB0jy7rjLYecnP\nDbrs3Kht0SePOnKzgGpSV8ehAhGwMYnR/kOJdjOKkzGSVpo0XjlrTxHUNapZ2Eu8\nARLGcGMVnlQFqY08rueab/+JWj/TyuVEaVzVc7VYV/yyOO68o1V/w43XeZoBoSST\nvNolKZFsoBDVhx998Jx8hDBQmFUJ8EkZFdOekzYLuFlWrpB56zhRl/xfW95Y5P8y\nUgGsprgAzKkNtymrdZ0siua+u4AhFV0XWfV3YOfNFQqVVywisp9V5J8pmbiS93t5\nv3L8aQksAluejEgCnMdhlR18QTVbWbn3if2NYfHThN8I0iyNZSh//uHif2TGz3f9\n9jwDU7zvCt6C1MqHzMy8huo=\n-----END CERTIFICATE-----\n",
      "type": "string",
      "sensitive": true
    },
    "endpoint": {
      "value": "34.96.237.137",
      "type": "string",
      "sensitive": true
    },
    "master_version": {
      "value": "1.24.9-gke.3200",
      "type": "string"
    },
    "name": {
      "value": "my-gke-cluster",
      "type": "string"
    }
  },
  "resources": [
    {
      "mode": "managed",
      "type": "google_container_cluster",
      "name": "primary",
      "provider": "provider[\"registry.terraform.io/hashicorp/google\"]",
      "instances": [
        {
          "schema_version": 1,
          "attributes": {
            "addons_config": [
              {
                "cloudrun_config": [],
                "config_connector_config": [],
                "dns_cache_config": [],
                "gce_persistent_disk_csi_driver_config": [
                  {
                    "enabled": true
                  }
                ],
                "gcp_filestore_csi_driver_config": [],
                "gke_backup_agent_config": [],
                "horizontal_pod_autoscaling": [],
                "http_load_balancing": [],
                "network_policy_config": [
                  {
                    "disabled": true
                  }
                ]
              }
            ],
            "authenticator_groups_config": [],
            "binary_authorization": [
              {
                "enabled": false,
                "evaluation_mode": ""
              }
            ],
            "cluster_autoscaling": [
              {
                "auto_provisioning_defaults": [],
                "enabled": false,
                "resource_limits": []
              }
            ],
            "cluster_ipv4_cidr": "10.100.0.0/14",
            "confidential_nodes": [],
            "cost_management_config": [],
            "database_encryption": [
              {
                "key_name": "",
                "state": "DECRYPTED"
              }
            ],
            "datapath_provider": "",
            "default_max_pods_per_node": null,
            "default_snat_status": [
              {
                "disabled": false
              }
            ],
            "description": "",
            "dns_config": [],
            "enable_autopilot": false,
            "enable_binary_authorization": false,
            "enable_intranode_visibility": false,
            "enable_kubernetes_alpha": false,
            "enable_l4_ilb_subsetting": false,
            "enable_legacy_abac": false,
            "enable_shielded_nodes": true,
            "enable_tpu": false,
            "endpoint": "34.96.237.137",
            "gateway_api_config": [],
            "id": "projects/terraform-gcp-384015/locations/asia-east2-a/clusters/my-gke-cluster",
            "initial_node_count": 1,
            "ip_allocation_policy": [],
            "label_fingerprint": "a9dc16a7",
            "location": "asia-east2-a",
            "logging_config": [
              {
                "enable_components": [
                  "SYSTEM_COMPONENTS",
                  "WORKLOADS"
                ]
              }
            ],
            "logging_service": "logging.googleapis.com/kubernetes",
            "maintenance_policy": [],
            "master_auth": [
              {
                "client_certificate": "",
                "client_certificate_config": [
                  {
                    "issue_client_certificate": false
                  }
                ],
                "client_key": "",
                "cluster_ca_certificate": "LS0tLS1CRUdJTiBDRVJUSUZJQ0FURS0tLS0tCk1JSUVMVENDQXBXZ0F3SUJBZ0lSQU5SVlVEWDAwei84Q3BiYzhTem9VaWN3RFFZSktvWklodmNOQVFFTEJRQXcKTHpFdE1Dc0dBMVVFQXhNa01tWmpNemxpTkRFdFkySmhNQzAwTVdZMkxUaG1aVFV0WkRBeE5XSXpOalV6Tm1aawpNQ0FYRFRJek1EUXhPREUxTkRjd09Wb1lEekl3TlRNd05ERXdNVFkwTnpBNVdqQXZNUzB3S3dZRFZRUURFeVF5ClptTXpPV0kwTVMxalltRXdMVFF4WmpZdE9HWmxOUzFrTURFMVlqTTJOVE0yWm1Rd2dnR2lNQTBHQ1NxR1NJYjMKRFFFQkFRVUFBNElCandBd2dnR0tBb0lCZ1FEYk9ZVUJUeXBHWjREQ2FCcmtrQ3ZFaStiOGZ4UTVPL1V4eVpVSApBSzVUalM5c0tIb0F4dm42QnZaa2hsRTlFL0QxQ2Noa2MvNkhlUVpmMTlsazBqL0UyakV2U0tIMThMaEVGZ3h4ClVsM2ZSd0pMUTdrYk5xUFFjKzR5RXdtMXRKMnV5NDhpNTRtdFlEbU4wcVZsWTZEejJvNm1JSzJtNDBuN0w1K0QKZlRITVM5ZUNvTWtvRWlyMlZQcTZ0ZjcxQWsxSXFOaEJwT1ZVaUJKZkZSTzVkdU9UdmR1MktMbXdZYWgrZUpBMgo5bXAwdGtSMmIwY0R2UWk2QjlGemJ3cXYvV2NZbHYyUEVWdGdvV2pDU0o3TGZHbHlERkZNdG9pQ24zSmJ1dTc3CmJ1YkxyK2Q3TVRuQnk5aCtBdzMyZFVUanR1TnBNVGs3SEhtckhzWkdIVGpFV09RcG5LWVVNRDM4WG5jS2FNTWEKdEtkaVd3dUMxT3JuNU5IbXZHQm9kM3QxQ3oyUnNsVEk5Z3Rhc255a3lxckZ4Si9ML0pxdU9zTjhSa2k0UlpCagptbkg0VFdzajRHVEdGSlU5YW00R0dZOTUwU2krQmNOdGpJNUFiRDdmOURxd0NkTXlnMmFLYmtua3NXSWRQSVM5CndxSURvSjlKSk1MSW9DMG9WTUlVcFliRExBTUNBd0VBQWFOQ01FQXdEZ1lEVlIwUEFRSC9CQVFEQWdJRU1BOEcKQTFVZEV3RUIvd1FGTUFNQkFmOHdIUVlEVlIwT0JCWUVGSzFUdEVub0pXendOY0VUQkwxR3FZQ2RIM2JTTUEwRwpDU3FHU0liM0RRRUJDd1VBQTRJQmdRRFhIYk5aRkJIcWlxVDBvQzZoZEJUNXp1OUtyS09QYjlEYVJabFRVaE9YCkFpWU14c0NGTnN6TGZnV3VKQTUxY0UvQkhqaUdIWEFPL010em5TSlN6OWE2YU03M3dNS0cwdFNlQ0JhbVZIVE0KK1pTYlNZalREMGVVR0JpM2Yvd1hVb1llSUpXakNZRDlCZXp3M3h1RjZBN3VGRjFGU214QjBqeTdyakxZZWNuUApEYnJzM0todDBTZVBPbkt6Z0dwU1Y4ZWhBaEd3TVluUi9rT0pkak9La3pHU1ZwbzBYamxyVHhIVU5hcFoyRXU4CkFSTEdjR01WbmxRRnFZMDhydWVhYi8rSldqL1R5dVZFYVZ6VmM3VllWL3l5T082OG8xVi93NDNYZVpvQm9TU1QKdk5vbEtaRnNvQkRWaHg5OThKeDhoREJRbUZVSjhFa1pGZE9la3pZTHVGbFdycEI1NnpoUmwveGZXOTVZNVA4eQpVZ0dzcHJnQXpLa050eW1yZFowc2l1YSt1NEFoRlYwWFdmVjNZT2ZORlFxVlZ5d2lzcDlWNUo4cG1iaVM5M3Q1CnYzTDhhUWtzQWx1ZWpFZ0NuTWRobFIxOFFUVmJXYm4zaWYyTllmSFRoTjhJMGl5TlpTaC8vdUhpZjJUR3ozZjkKOWp3RFU3enZDdDZDMU1xSHpNeThodW89Ci0tLS0tRU5EIENFUlRJRklDQVRFLS0tLS0K"
              }
            ],
            "master_authorized_networks_config": [],
            "master_version": "1.24.9-gke.3200",
            "mesh_certificates": [],
            "min_master_version": null,
            "monitoring_config": [
              {
                "enable_components": [
                  "SYSTEM_COMPONENTS"
                ],
                "managed_prometheus": []
              }
            ],
            "monitoring_service": "monitoring.googleapis.com/kubernetes",
            "name": "my-gke-cluster",
            "network": "projects/terraform-gcp-384015/global/networks/default",
            "network_policy": [
              {
                "enabled": false,
                "provider": "PROVIDER_UNSPECIFIED"
              }
            ],
            "networking_mode": "ROUTES",
            "node_config": [],
            "node_locations": [],
            "node_pool": [],
            "node_pool_defaults": [
              {
                "node_config_defaults": [
                  {
                    "logging_variant": "DEFAULT"
                  }
                ]
              }
            ],
            "node_version": "1.24.9-gke.3200",
            "notification_config": [
              {
                "pubsub": [
                  {
                    "enabled": false,
                    "filter": [],
                    "topic": ""
                  }
                ]
              }
            ],
            "operation": null,
            "private_cluster_config": [
              {
                "enable_private_endpoint": false,
                "enable_private_nodes": false,
                "master_global_access_config": [
                  {
                    "enabled": false
                  }
                ],
                "master_ipv4_cidr_block": "",
                "peering_name": "",
                "private_endpoint": "10.170.0.6",
                "private_endpoint_subnetwork": "",
                "public_endpoint": "34.96.237.137"
              }
            ],
            "private_ipv6_google_access": "",
            "project": "terraform-gcp-384015",
            "release_channel": [
              {
                "channel": "REGULAR"
              }
            ],
            "remove_default_node_pool": true,
            "resource_labels": null,
            "resource_usage_export_config": [],
            "self_link": "https://container.googleapis.com/v1/projects/terraform-gcp-384015/zones/asia-east2-a/clusters/my-gke-cluster",
            "service_external_ips_config": [
              {
                "enabled": false
              }
            ],
            "services_ipv4_cidr": "10.103.240.0/20",
            "subnetwork": "projects/terraform-gcp-384015/regions/asia-east2/subnetworks/default",
            "timeouts": null,
            "tpu_ipv4_cidr_block": "",
            "vertical_pod_autoscaling": [],
            "workload_identity_config": []
          },
          "sensitive_attributes": [],
          "private": "eyJlMmJmYjczMC1lY2FhLTExZTYtOGY4OC0zNDM2M2JjN2M0YzAiOnsiY3JlYXRlIjoyNDAwMDAwMDAwMDAwLCJkZWxldGUiOjI0MDAwMDAwMDAwMDAsInJlYWQiOjI0MDAwMDAwMDAwMDAsInVwZGF0ZSI6MzYwMDAwMDAwMDAwMH0sInNjaGVtYV92ZXJzaW9uIjoiMSJ9"
        }
      ]
    },
    {
      "mode": "managed",
      "type": "google_container_node_pool",
      "name": "primary_preemptible_nodes",
      "provider": "provider[\"registry.terraform.io/hashicorp/google\"]",
      "instances": [
        {
          "schema_version": 1,
          "attributes": {
            "autoscaling": [],
            "cluster": "my-gke-cluster",
            "id": "projects/terraform-gcp-384015/locations/asia-east2-a/clusters/my-gke-cluster/nodePools/my-node-pool",
            "initial_node_count": 1,
            "instance_group_urls": [
              "https://www.googleapis.com/compute/v1/projects/terraform-gcp-384015/zones/asia-east2-a/instanceGroupManagers/gke-my-gke-cluster-my-node-pool-9e0285c4-grp"
            ],
            "location": "asia-east2-a",
            "managed_instance_group_urls": [
              "https://www.googleapis.com/compute/v1/projects/terraform-gcp-384015/zones/asia-east2-a/instanceGroups/gke-my-gke-cluster-my-node-pool-9e0285c4-grp"
            ],
            "management": [
              {
                "auto_repair": true,
                "auto_upgrade": true
              }
            ],
            "max_pods_per_node": null,
            "name": "my-node-pool",
            "name_prefix": "",
            "network_config": [
              {
                "create_pod_range": false,
                "enable_private_nodes": false,
                "pod_ipv4_cidr_block": "",
                "pod_range": ""
              }
            ],
            "node_config": [
              {
                "advanced_machine_features": [],
                "boot_disk_kms_key": "",
                "disk_size_gb": 100,
                "disk_type": "pd-balanced",
                "ephemeral_storage_local_ssd_config": [],
                "gcfs_config": [],
                "guest_accelerator": [],
                "gvnic": [],
                "image_type": "COS_CONTAINERD",
                "kubelet_config": [],
                "labels": {},
                "linux_node_config": [],
                "local_nvme_ssd_block_config": [],
                "local_ssd_count": 0,
                "logging_variant": "DEFAULT",
                "machine_type": "e2-micro",
                "metadata": {
                  "disable-legacy-endpoints": "true"
                },
                "min_cpu_platform": "",
                "node_group": "",
                "oauth_scopes": [
                  "https://www.googleapis.com/auth/cloud-platform"
                ],
                "preemptible": true,
                "reservation_affinity": [],
                "resource_labels": null,
                "service_account": "tf-k8s-gcp-services-ac@terraform-gcp-384015.iam.gserviceaccount.com",
                "shielded_instance_config": [
                  {
                    "enable_integrity_monitoring": true,
                    "enable_secure_boot": false
                  }
                ],
                "spot": false,
                "tags": null,
                "taint": [],
                "workload_metadata_config": []
              }
            ],
            "node_count": 1,
            "node_locations": [
              "asia-east2-a"
            ],
            "operation": null,
            "placement_policy": [],
            "project": "terraform-gcp-384015",
            "timeouts": null,
            "upgrade_settings": [
              {
                "blue_green_settings": [],
                "max_surge": 1,
                "max_unavailable": 0,
                "strategy": "SURGE"
              }
            ],
            "version": "1.24.9-gke.3200"
          },
          "sensitive_attributes": [],
          "private": "eyJlMmJmYjczMC1lY2FhLTExZTYtOGY4OC0zNDM2M2JjN2M0YzAiOnsiY3JlYXRlIjoxODAwMDAwMDAwMDAwLCJkZWxldGUiOjE4MDAwMDAwMDAwMDAsInVwZGF0ZSI6MTgwMDAwMDAwMDAwMH0sInNjaGVtYV92ZXJzaW9uIjoiMSJ9",
          "dependencies": [
            "google_container_cluster.primary"
          ]
        }
      ]
    }
  ],
  "check_results": null
}
