{
  "version": 4,
  "terraform_version": "1.4.5",
  "serial": 182,
  "lineage": "2a9afaca-db2d-9a21-3db2-6d702669bb4e",
  "outputs": {
    "cluster_name": {
      "value": "azure-cluster-rv",
      "type": "string"
    },
    "cluster_resource_group": {
      "value": "azure-cluster-rv-rg",
      "type": "string"
    },
    "message": {
      "value": "To connect to your cluster issue the command:\n gcloud container hub memberships get-credentials azure-cluster-rv",
      "type": "string"
    },
    "vars_file": {
      "value": "vars.sh",
      "type": "string"
    },
    "vnet_resource_group": {
      "value": "azure-cluster-rv-vnet-rg",
      "type": "string"
    }
  },
  "resources": [
    {
      "mode": "managed",
      "type": "random_string",
      "name": "suffix",
      "provider": "provider[\"registry.terraform.io/hashicorp/random\"]",
      "instances": [
        {
          "schema_version": 2,
          "attributes": {
            "id": "rv",
            "keepers": null,
            "length": 2,
            "lower": true,
            "min_lower": 2,
            "min_numeric": 0,
            "min_special": 0,
            "min_upper": 0,
            "number": true,
            "numeric": true,
            "override_special": null,
            "result": "rv",
            "special": false,
            "upper": true
          },
          "sensitive_attributes": []
        }
      ]
    },
    {
      "mode": "managed",
      "type": "tls_private_key",
      "name": "anthos_ssh_key",
      "provider": "provider[\"registry.terraform.io/hashicorp/tls\"]",
      "instances": [
        {
          "schema_version": 1,
          "attributes": {
            "algorithm": "RSA",
            "ecdsa_curve": "P224",
            "id": "ddb3c07be7003114192a2b71a57adc23365b62f1",
            "private_key_openssh": "-----BEGIN OPENSSH PRIVATE KEY-----\nb3BlbnNzaC1rZXktdjEAAAAABG5vbmUAAAAEbm9uZQAAAAAAAAABAAACFwAAAAdz\nc2gtcnNhAAAAAwEAAQAAAgEA7PhirK7qPSVB0bpLSNxkKTEibEENxCqaDaxmjd29\nJHDfVsoYsiQ9Fl8YypR6XIqZKB8TEwxZPE/8nyYfO7yCL46BwQfJp8Ta1qVtwPW0\n6A/zzEMZEJDezc6DLJGS6nDrcriXSp3QipK71wYUY4/uR5RUIfv+AWzYg330f5VQ\n0xky5uDh5slBhVuFueyyGvhhEq8NPcYdj7tqVrAyHoz8f9HCJzYJ8sVG2di+H9yF\nUItgTNMqqXrX9cqLmw8QkOru6KWvbblxAl5dReUntJbZGiaVT1ea9w5XD/TWCX9t\nYEYW9Vq5vbRd9hKTLbpQnm7llHm7oHATIehUb/xzxeTCCoB3VOcHaLlZyjxLZHmU\nduDDVdBzR3lEwtOYzRDr1CP1j8V9tY3VORQF9HiU9Uyvt0HZEUjD7HYGfQ9kAC/T\n4XWjNrUk7uzCvv0P7Hay7gT5OiLfPo6mV0rxvtBbtuK2JJX7mn71GTNTiVL5jY/9\nAvH3KptdVbQ4x1BcribkDmflnD18gLjd5kLWvqttObMeDEDl+B9cFzT2fQraDQFI\nPlcK8odaJQA2LBg49JbcGuWBDR860fOMDJ78H1a9llxO1HsqzakJRTVKsxhMMnGg\nU75i+kYDKWIBT0UecDYnTY1mxeVN6KJ6nojE5uwjq/EetIHjeLFTZuTru/SGzihn\nUb0AAAc4/qgrNP6oKzQAAAAHc3NoLXJzYQAAAgEA7PhirK7qPSVB0bpLSNxkKTEi\nbEENxCqaDaxmjd29JHDfVsoYsiQ9Fl8YypR6XIqZKB8TEwxZPE/8nyYfO7yCL46B\nwQfJp8Ta1qVtwPW06A/zzEMZEJDezc6DLJGS6nDrcriXSp3QipK71wYUY4/uR5RU\nIfv+AWzYg330f5VQ0xky5uDh5slBhVuFueyyGvhhEq8NPcYdj7tqVrAyHoz8f9HC\nJzYJ8sVG2di+H9yFUItgTNMqqXrX9cqLmw8QkOru6KWvbblxAl5dReUntJbZGiaV\nT1ea9w5XD/TWCX9tYEYW9Vq5vbRd9hKTLbpQnm7llHm7oHATIehUb/xzxeTCCoB3\nVOcHaLlZyjxLZHmUduDDVdBzR3lEwtOYzRDr1CP1j8V9tY3VORQF9HiU9Uyvt0HZ\nEUjD7HYGfQ9kAC/T4XWjNrUk7uzCvv0P7Hay7gT5OiLfPo6mV0rxvtBbtuK2JJX7\nmn71GTNTiVL5jY/9AvH3KptdVbQ4x1BcribkDmflnD18gLjd5kLWvqttObMeDEDl\n+B9cFzT2fQraDQFIPlcK8odaJQA2LBg49JbcGuWBDR860fOMDJ78H1a9llxO1Hsq\nzakJRTVKsxhMMnGgU75i+kYDKWIBT0UecDYnTY1mxeVN6KJ6nojE5uwjq/EetIHj\neLFTZuTru/SGzihnUb0AAAADAQABAAACAQCNajVIpCG5V7CNvkULOCq1wlKuk6vp\ncxr4KfgRlVA4nPtLSdOvC51A6oNa8XyMGVII9XJmnanrKjixqQhel8KBKuQYE9Ot\nwPZvvc1fp8HL8ykkrq4YirvLyf/R6xXnvndjwPDYYJGBAMwEJ+am+8/Q+52xojYV\nF6Wl4ta0BKF1OMZ9rZpiJZxqPxHwwGYRXkRf6ANY6A/gJJHzJbbjMHPGu6DH0aHi\nNQRxIL1lOi58wJA5iJMfDOYwEi153WWfdfQY9jdYnZ/pL/MtsPEe/h6VUo0sCjW6\nVd5y8UOB63+UQn+U8A2EPk0Mek1GrrdJtRhgoLzto7RnOcSaB+f3IusAP2JCm6jf\noHixKK4VnN3DI1LThk04Tc91eOKwsg1mB5iEGQr+cp6FRVFq9H7qxsKHvoEYwRef\nz8WPn09Hc4e0QbMMT4nXHHKifJT4qDjEkfV1pRScXCycehXJK+GzB7Xqg7gXDp8V\nWqtYkLpypNiKFqTtkKwANKxtEHPYntiqc/Im/48/oe7LVnZ9iH8fFIA92CP4o+uC\nxIM1CNq4yqoRBJoDieImb6rWnNx46dTLUojzc+HGVYP0nhC+GbeSZO7RaCKd1z5c\nej8gPZC9zzCQw2w3b5UdyArNgKPZU4OX+yfilCNBVS5aX19+e4XTn8GwmiySviz/\nLoaB5/i/AFmK6QAAAQB0nPJk657389rhEgc3hTRj20AAmawwS35leBGQVk3QNGI9\n1TviV+8ShZtD3lyoRxNiqVjOKU/IkGWMDJ8mrm/RLsLloKxFWN4WYm5LjPr/m7ib\nlsjvVNgMMdHjIbaFrBHx5VInl1S18jK3xHPmjscRbV75I6MqGQsvQTD/RWjq2U2t\nDyOe6VzfCr7Da67ZsXmC6ve13gPMU8ip1+40pCboJ3v4B7NepUoW60gBDLYoQA0N\nbEE7tEgDc87hfPZ3w6SlJoac7zi1PLxL3A2u5ayfBfFneIdDtXwD+cPLn/ngK2WR\nfuR9I0ZvLCTuP4z9EvkJuNHy6X5/vwCxqpDmHyNOAAABAQD6kG1ObSCTiCzZaV3p\nPb7yyBj4/ezsPcp4yzm/BR2SxgiRZNqSpHeaOaPHfBOieBYfSu5flXvaX6+BHlLM\nNmv+QRlekjDmF/ddVj3UXIFqNJEOV412CcXeEyYPgKKGuMUVAdHBnUM0ZcrmQzua\nar70tiZTzPvbEz9UZiNeUsWERcGBDuexXnfBmmgGwX95T0ivEz9Kp9ceNLadV0rR\n/DB5Xf5y332FEqMSl7R9KUq86DXMU//tjbM1ZJt1bxxS/n6oXbZvj661H+hLve/S\ndeD3AjvREESVSTepTJFJvJFyzRePZm/hli+GkDpG9BVTAYQ1Pmy1ZdfmmogfhU/l\nT2gjAAABAQDyHHYOUqaocQec70JOY5L3QBDpup2ftcUFgyQk1yWnOlE+f10LrdtV\nBSs5oIMObClUdCRWKfGS/T+nVglS6odTpguRyLn6nJiG0O/wUCKe+GZZs+RAcScy\ntAdZxPMFC1pjM8Klw8lqra4cyIVpoYLEbmBrKXKgJ/fHLE0NtQ4AJXiRALJaakfq\npddS9r5GA2AjixuKM1y4KNUnslJMLxXSMBMlcoxy3q+1bPPDXQgQD+tjJymiiYWV\nEnsATxCpTrkJOLAoY7bVBwYLsEMsCeQBYQNlltBX8OlO9xORVboBICSuO232olNZ\nOXDJBx2eHlaeU5zwXrylVnm1zhcpPAyfAAAAAAEC\n-----END OPENSSH PRIVATE KEY-----\n",
            "private_key_pem": "-----BEGIN RSA PRIVATE KEY-----\nMIIJKgIBAAKCAgEA7PhirK7qPSVB0bpLSNxkKTEibEENxCqaDaxmjd29JHDfVsoY\nsiQ9Fl8YypR6XIqZKB8TEwxZPE/8nyYfO7yCL46BwQfJp8Ta1qVtwPW06A/zzEMZ\nEJDezc6DLJGS6nDrcriXSp3QipK71wYUY4/uR5RUIfv+AWzYg330f5VQ0xky5uDh\n5slBhVuFueyyGvhhEq8NPcYdj7tqVrAyHoz8f9HCJzYJ8sVG2di+H9yFUItgTNMq\nqXrX9cqLmw8QkOru6KWvbblxAl5dReUntJbZGiaVT1ea9w5XD/TWCX9tYEYW9Vq5\nvbRd9hKTLbpQnm7llHm7oHATIehUb/xzxeTCCoB3VOcHaLlZyjxLZHmUduDDVdBz\nR3lEwtOYzRDr1CP1j8V9tY3VORQF9HiU9Uyvt0HZEUjD7HYGfQ9kAC/T4XWjNrUk\n7uzCvv0P7Hay7gT5OiLfPo6mV0rxvtBbtuK2JJX7mn71GTNTiVL5jY/9AvH3Kptd\nVbQ4x1BcribkDmflnD18gLjd5kLWvqttObMeDEDl+B9cFzT2fQraDQFIPlcK8oda\nJQA2LBg49JbcGuWBDR860fOMDJ78H1a9llxO1HsqzakJRTVKsxhMMnGgU75i+kYD\nKWIBT0UecDYnTY1mxeVN6KJ6nojE5uwjq/EetIHjeLFTZuTru/SGzihnUb0CAwEA\nAQKCAgEAjWo1SKQhuVewjb5FCzgqtcJSrpOr6XMa+Cn4EZVQOJz7S0nTrwudQOqD\nWvF8jBlSCPVyZp2p6yo4sakIXpfCgSrkGBPTrcD2b73NX6fBy/MpJK6uGIq7y8n/\n0esV5753Y8Dw2GCRgQDMBCfmpvvP0PudsaI2FRelpeLWtAShdTjGfa2aYiWcaj8R\n8MBmEV5EX+gDWOgP4CSR8yW24zBzxrugx9Gh4jUEcSC9ZToufMCQOYiTHwzmMBIt\ned1ln3X0GPY3WJ2f6S/zLbDxHv4elVKNLAo1ulXecvFDget/lEJ/lPANhD5NDHpN\nRq63SbUYYKC87aO0ZznEmgfn9yLrAD9iQpuo36B4sSiuFZzdwyNS04ZNOE3PdXji\nsLINZgeYhBkK/nKehUVRavR+6sbCh76BGMEXn8/Fj59PR3OHtEGzDE+J1xxyonyU\n+Kg4xJH1daUUnFwsnHoVySvhswe16oO4Fw6fFVqrWJC6cqTYihak7ZCsADSsbRBz\n2J7YqnPyJv+PP6Huy1Z2fYh/HxSAPdgj+KPrgsSDNQjauMqqEQSaA4niJm+q1pzc\neOnUy1KI83PhxlWD9J4Qvhm3kmTu0Wgindc+XHo/ID2Qvc8wkMNsN2+VHcgKzYCj\n2VODl/sn4pQjQVUuWl9ffnuF05/BsJoskr4s/y6Ggef4vwBZiukCggEBAPqQbU5t\nIJOILNlpXek9vvLIGPj97Ow9ynjLOb8FHZLGCJFk2pKkd5o5o8d8E6J4Fh9K7l+V\ne9pfr4EeUsw2a/5BGV6SMOYX911WPdRcgWo0kQ5XjXYJxd4TJg+Aooa4xRUB0cGd\nQzRlyuZDO5pqvvS2JlPM+9sTP1RmI15SxYRFwYEO57Fed8GaaAbBf3lPSK8TP0qn\n1x40tp1XStH8MHld/nLffYUSoxKXtH0pSrzoNcxT/+2NszVkm3VvHFL+fqhdtm+P\nrrUf6Eu979J14PcCO9EQRJVJN6lMkUm8kXLNF49mb+GWL4aQOkb0FVMBhDU+bLVl\n1+aaiB+FT+VPaCMCggEBAPIcdg5SpqhxB5zvQk5jkvdAEOm6nZ+1xQWDJCTXJac6\nUT5/XQut21UFKzmggw5sKVR0JFYp8ZL9P6dWCVLqh1OmC5HIufqcmIbQ7/BQIp74\nZlmz5EBxJzK0B1nE8wULWmMzwqXDyWqtrhzIhWmhgsRuYGspcqAn98csTQ21DgAl\neJEAslpqR+ql11L2vkYDYCOLG4ozXLgo1SeyUkwvFdIwEyVyjHLer7Vs88NdCBAP\n62MnKaKJhZUSewBPEKlOuQk4sChjttUHBguwQywJ5AFhA2WW0Ffw6U73E5FVugEg\nJK47bfaiU1k5cMkHHZ4eVp5TnPBevKVWebXOFyk8DJ8CggEBAJzuzndbZBbjKGv3\nUYlfUfRPnUx+BeElBmZHquBYPOCLxhwCVd+YwQxIY6ryrH2KxxhMXyZgwtTQL2Uo\nb+VVhKgXb+NKnvPOOPEtrcYPNkMlr2CTN5ehoVtpFOKKx8Cng1CX9h9U9x2fT8iO\nfYtGplkwqKq97VSWJoke+7H9F5az9fF2O2lc6JbKtbLdiJCbNsPowzBoFRTnISVE\n4ijI0jeBxnd+QOiS9q4TdEkcDqJosiFKzzWjFYYwgCm6MLxOh1e+ciBHlr38wQqH\naOihSgiLTpmvnbT+yazwtuK/Bz4m9EWtfA+HeDbIqKd+AskdXwfWFFI8+k+FpBJR\n9euCo48CggEBAJT9YsEJp7l8ZRz0N6+ZozU4XbAXwSwpZacwvqtVIry4LIrzQcUQ\nJis51RHPbxcPBJgOKNZFVX4JDoThczdtT/3v7qq2BYztlQdRyHXwOn3tir6k70+g\n0mhnVSavBoYSKHtnvN7Zjzdwzfa0hzUryRcsfXU0um9IaThOUNSgmI8KgBlrflYZ\nlUwW5l0NrqXTKfR1hGsVlHdX2WRmXjK3vwvrvbyLs1Z1J1fURmXw+Cc6RLZtwTde\nva+xAbR881ndMg00r2MLidWqTtQekheltoQKuVZo6qlTfZ+0eHw1bxOGPkxiEhd2\naSg9KuTq1hUZwmAIQEnDYv+0KY3x11rusy0CggEAdJzyZOue9/Pa4RIHN4U0Y9tA\nAJmsMEt+ZXgRkFZN0DRiPdU74lfvEoWbQ95cqEcTYqlYzilPyJBljAyfJq5v0S7C\n5aCsRVjeFmJuS4z6/5u4m5bI71TYDDHR4yG2hawR8eVSJ5dUtfIyt8Rz5o7HEW1e\n+SOjKhkLL0Ew/0Vo6tlNrQ8jnulc3wq+w2uu2bF5gur3td4DzFPIqdfuNKQm6Cd7\n+AezXqVKFutIAQy2KEANDWxBO7RIA3PO4Xz2d8OkpSaGnO84tTy8S9wNruWsnwXx\nZ3iHQ7V8A/nDy5/54CtlkX7kfSNGbywk7j+M/RL5CbjR8ul+f78AsaqQ5h8jTg==\n-----END RSA PRIVATE KEY-----\n",
            "private_key_pem_pkcs8": "-----BEGIN PRIVATE KEY-----\nMIIJRAIBADANBgkqhkiG9w0BAQEFAASCCS4wggkqAgEAAoICAQDs+GKsruo9JUHR\nuktI3GQpMSJsQQ3EKpoNrGaN3b0kcN9WyhiyJD0WXxjKlHpcipkoHxMTDFk8T/yf\nJh87vIIvjoHBB8mnxNrWpW3A9bToD/PMQxkQkN7NzoMskZLqcOtyuJdKndCKkrvX\nBhRjj+5HlFQh+/4BbNiDffR/lVDTGTLm4OHmyUGFW4W57LIa+GESrw09xh2Pu2pW\nsDIejPx/0cInNgnyxUbZ2L4f3IVQi2BM0yqpetf1youbDxCQ6u7opa9tuXECXl1F\n5Se0ltkaJpVPV5r3DlcP9NYJf21gRhb1Wrm9tF32EpMtulCebuWUebugcBMh6FRv\n/HPF5MIKgHdU5wdouVnKPEtkeZR24MNV0HNHeUTC05jNEOvUI/WPxX21jdU5FAX0\neJT1TK+3QdkRSMPsdgZ9D2QAL9PhdaM2tSTu7MK+/Q/sdrLuBPk6It8+jqZXSvG+\n0Fu24rYklfuafvUZM1OJUvmNj/0C8fcqm11VtDjHUFyuJuQOZ+WcPXyAuN3mQta+\nq205sx4MQOX4H1wXNPZ9CtoNAUg+Vwryh1olADYsGDj0ltwa5YENHzrR84wMnvwf\nVr2WXE7UeyrNqQlFNUqzGEwycaBTvmL6RgMpYgFPRR5wNidNjWbF5U3oonqeiMTm\n7COr8R60geN4sVNm5Ou79IbOKGdRvQIDAQABAoICAQCNajVIpCG5V7CNvkULOCq1\nwlKuk6vpcxr4KfgRlVA4nPtLSdOvC51A6oNa8XyMGVII9XJmnanrKjixqQhel8KB\nKuQYE9OtwPZvvc1fp8HL8ykkrq4YirvLyf/R6xXnvndjwPDYYJGBAMwEJ+am+8/Q\n+52xojYVF6Wl4ta0BKF1OMZ9rZpiJZxqPxHwwGYRXkRf6ANY6A/gJJHzJbbjMHPG\nu6DH0aHiNQRxIL1lOi58wJA5iJMfDOYwEi153WWfdfQY9jdYnZ/pL/MtsPEe/h6V\nUo0sCjW6Vd5y8UOB63+UQn+U8A2EPk0Mek1GrrdJtRhgoLzto7RnOcSaB+f3IusA\nP2JCm6jfoHixKK4VnN3DI1LThk04Tc91eOKwsg1mB5iEGQr+cp6FRVFq9H7qxsKH\nvoEYwRefz8WPn09Hc4e0QbMMT4nXHHKifJT4qDjEkfV1pRScXCycehXJK+GzB7Xq\ng7gXDp8VWqtYkLpypNiKFqTtkKwANKxtEHPYntiqc/Im/48/oe7LVnZ9iH8fFIA9\n2CP4o+uCxIM1CNq4yqoRBJoDieImb6rWnNx46dTLUojzc+HGVYP0nhC+GbeSZO7R\naCKd1z5cej8gPZC9zzCQw2w3b5UdyArNgKPZU4OX+yfilCNBVS5aX19+e4XTn8Gw\nmiySviz/LoaB5/i/AFmK6QKCAQEA+pBtTm0gk4gs2Wld6T2+8sgY+P3s7D3KeMs5\nvwUdksYIkWTakqR3mjmjx3wTongWH0ruX5V72l+vgR5SzDZr/kEZXpIw5hf3XVY9\n1FyBajSRDleNdgnF3hMmD4CihrjFFQHRwZ1DNGXK5kM7mmq+9LYmU8z72xM/VGYj\nXlLFhEXBgQ7nsV53wZpoBsF/eU9IrxM/SqfXHjS2nVdK0fwweV3+ct99hRKjEpe0\nfSlKvOg1zFP/7Y2zNWSbdW8cUv5+qF22b4+utR/oS73v0nXg9wI70RBElUk3qUyR\nSbyRcs0Xj2Zv4ZYvhpA6RvQVUwGENT5stWXX5pqIH4VP5U9oIwKCAQEA8hx2DlKm\nqHEHnO9CTmOS90AQ6bqdn7XFBYMkJNclpzpRPn9dC63bVQUrOaCDDmwpVHQkVinx\nkv0/p1YJUuqHU6YLkci5+pyYhtDv8FAinvhmWbPkQHEnMrQHWcTzBQtaYzPCpcPJ\naq2uHMiFaaGCxG5gaylyoCf3xyxNDbUOACV4kQCyWmpH6qXXUva+RgNgI4sbijNc\nuCjVJ7JSTC8V0jATJXKMct6vtWzzw10IEA/rYycpoomFlRJ7AE8QqU65CTiwKGO2\n1QcGC7BDLAnkAWEDZZbQV/DpTvcTkVW6ASAkrjtt9qJTWTlwyQcdnh5WnlOc8F68\npVZ5tc4XKTwMnwKCAQEAnO7Od1tkFuMoa/dRiV9R9E+dTH4F4SUGZkeq4Fg84IvG\nHAJV35jBDEhjqvKsfYrHGExfJmDC1NAvZShv5VWEqBdv40qe88448S2txg82QyWv\nYJM3l6GhW2kU4orHwKeDUJf2H1T3HZ9PyI59i0amWTCoqr3tVJYmiR77sf0XlrP1\n8XY7aVzolsq1st2IkJs2w+jDMGgVFOchJUTiKMjSN4HGd35A6JL2rhN0SRwOomiy\nIUrPNaMVhjCAKbowvE6HV75yIEeWvfzBCodo6KFKCItOma+dtP7JrPC24r8HPib0\nRa18D4d4Nsiop34CyR1fB9YUUjz6T4WkElH164KjjwKCAQEAlP1iwQmnuXxlHPQ3\nr5mjNThdsBfBLCllpzC+q1UivLgsivNBxRAmKznVEc9vFw8EmA4o1kVVfgkOhOFz\nN21P/e/uqrYFjO2VB1HIdfA6fe2KvqTvT6DSaGdVJq8GhhIoe2e83tmPN3DN9rSH\nNSvJFyx9dTS6b0hpOE5Q1KCYjwqAGWt+VhmVTBbmXQ2updMp9HWEaxWUd1fZZGZe\nMre/C+u9vIuzVnUnV9RGZfD4JzpEtm3BN169r7EBtHzzWd0yDTSvYwuJ1apO1B6S\nF6W2hAq5VmjqqVN9n7R4fDVvE4Y+TGISF3ZpKD0q5OrWFRnCYAhAScNi/7QpjfHX\nWu6zLQKCAQB0nPJk657389rhEgc3hTRj20AAmawwS35leBGQVk3QNGI91TviV+8S\nhZtD3lyoRxNiqVjOKU/IkGWMDJ8mrm/RLsLloKxFWN4WYm5LjPr/m7iblsjvVNgM\nMdHjIbaFrBHx5VInl1S18jK3xHPmjscRbV75I6MqGQsvQTD/RWjq2U2tDyOe6Vzf\nCr7Da67ZsXmC6ve13gPMU8ip1+40pCboJ3v4B7NepUoW60gBDLYoQA0NbEE7tEgD\nc87hfPZ3w6SlJoac7zi1PLxL3A2u5ayfBfFneIdDtXwD+cPLn/ngK2WRfuR9I0Zv\nLCTuP4z9EvkJuNHy6X5/vwCxqpDmHyNO\n-----END PRIVATE KEY-----\n",
            "public_key_fingerprint_md5": "a3:5f:0c:15:ec:d9:c7:25:fc:22:32:68:97:e2:2b:fd",
            "public_key_fingerprint_sha256": "SHA256:c67aaa++Fx3WzFtfcbP+YBU5z8bVcUHk2xieVlpDi9U",
            "public_key_openssh": "ssh-rsa AAAAB3NzaC1yc2EAAAADAQABAAACAQDs+GKsruo9JUHRuktI3GQpMSJsQQ3EKpoNrGaN3b0kcN9WyhiyJD0WXxjKlHpcipkoHxMTDFk8T/yfJh87vIIvjoHBB8mnxNrWpW3A9bToD/PMQxkQkN7NzoMskZLqcOtyuJdKndCKkrvXBhRjj+5HlFQh+/4BbNiDffR/lVDTGTLm4OHmyUGFW4W57LIa+GESrw09xh2Pu2pWsDIejPx/0cInNgnyxUbZ2L4f3IVQi2BM0yqpetf1youbDxCQ6u7opa9tuXECXl1F5Se0ltkaJpVPV5r3DlcP9NYJf21gRhb1Wrm9tF32EpMtulCebuWUebugcBMh6FRv/HPF5MIKgHdU5wdouVnKPEtkeZR24MNV0HNHeUTC05jNEOvUI/WPxX21jdU5FAX0eJT1TK+3QdkRSMPsdgZ9D2QAL9PhdaM2tSTu7MK+/Q/sdrLuBPk6It8+jqZXSvG+0Fu24rYklfuafvUZM1OJUvmNj/0C8fcqm11VtDjHUFyuJuQOZ+WcPXyAuN3mQta+q205sx4MQOX4H1wXNPZ9CtoNAUg+Vwryh1olADYsGDj0ltwa5YENHzrR84wMnvwfVr2WXE7UeyrNqQlFNUqzGEwycaBTvmL6RgMpYgFPRR5wNidNjWbF5U3oonqeiMTm7COr8R60geN4sVNm5Ou79IbOKGdRvQ==\n",
            "public_key_pem": "-----BEGIN PUBLIC KEY-----\nMIICIjANBgkqhkiG9w0BAQEFAAOCAg8AMIICCgKCAgEA7PhirK7qPSVB0bpLSNxk\nKTEibEENxCqaDaxmjd29JHDfVsoYsiQ9Fl8YypR6XIqZKB8TEwxZPE/8nyYfO7yC\nL46BwQfJp8Ta1qVtwPW06A/zzEMZEJDezc6DLJGS6nDrcriXSp3QipK71wYUY4/u\nR5RUIfv+AWzYg330f5VQ0xky5uDh5slBhVuFueyyGvhhEq8NPcYdj7tqVrAyHoz8\nf9HCJzYJ8sVG2di+H9yFUItgTNMqqXrX9cqLmw8QkOru6KWvbblxAl5dReUntJbZ\nGiaVT1ea9w5XD/TWCX9tYEYW9Vq5vbRd9hKTLbpQnm7llHm7oHATIehUb/xzxeTC\nCoB3VOcHaLlZyjxLZHmUduDDVdBzR3lEwtOYzRDr1CP1j8V9tY3VORQF9HiU9Uyv\nt0HZEUjD7HYGfQ9kAC/T4XWjNrUk7uzCvv0P7Hay7gT5OiLfPo6mV0rxvtBbtuK2\nJJX7mn71GTNTiVL5jY/9AvH3KptdVbQ4x1BcribkDmflnD18gLjd5kLWvqttObMe\nDEDl+B9cFzT2fQraDQFIPlcK8odaJQA2LBg49JbcGuWBDR860fOMDJ78H1a9llxO\n1HsqzakJRTVKsxhMMnGgU75i+kYDKWIBT0UecDYnTY1mxeVN6KJ6nojE5uwjq/Ee\ntIHjeLFTZuTru/SGzihnUb0CAwEAAQ==\n-----END PUBLIC KEY-----\n",
            "rsa_bits": 4096
          },
          "sensitive_attributes": []
        }
      ]
    },
    {
      "module": "module.aad_app",
      "mode": "data",
      "type": "azuread_client_config",
      "name": "current",
      "provider": "provider[\"registry.terraform.io/hashicorp/azuread\"]",
      "instances": [
        {
          "schema_version": 0,
          "attributes": {
            "client_id": "04b07795-8ddb-461a-bbee-02f9e1bf7b46",
            "id": "499f9014-8d5f-4c14-9bdd-89bbe8996bd4-04b07795-8ddb-461a-bbee-02f9e1bf7b46-6e4f4acf-7874-40be-8959-d7479383909d",
            "object_id": "6e4f4acf-7874-40be-8959-d7479383909d",
            "tenant_id": "499f9014-8d5f-4c14-9bdd-89bbe8996bd4",
            "timeouts": null
          },
          "sensitive_attributes": []
        }
      ]
    },
    {
      "module": "module.aad_app",
      "mode": "data",
      "type": "azurerm_subscription",
      "name": "current",
      "provider": "provider[\"registry.terraform.io/hashicorp/azurerm\"]",
      "instances": [
        {
          "schema_version": 0,
          "attributes": {
            "display_name": "Azure subscription 1",
            "id": "/subscriptions/5b8acbac-8feb-4a3b-b11d-55d689283fec",
            "location_placement_id": "Public_2014-09-01",
            "quota_id": "PayAsYouGo_2014-09-01",
            "spending_limit": "Off",
            "state": "Enabled",
            "subscription_id": "5b8acbac-8feb-4a3b-b11d-55d689283fec",
            "tags": {},
            "tenant_id": "499f9014-8d5f-4c14-9bdd-89bbe8996bd4",
            "timeouts": null
          },
          "sensitive_attributes": []
        }
      ]
    },
    {
      "module": "module.aad_app",
      "mode": "managed",
      "type": "azuread_application",
      "name": "aad_app",
      "provider": "provider[\"registry.terraform.io/hashicorp/azuread\"]",
      "instances": [
        {
          "schema_version": 1,
          "attributes": {
            "api": [
              {
                "known_client_applications": [],
                "mapped_claims_enabled": false,
                "oauth2_permission_scope": [],
                "requested_access_token_version": 1
              }
            ],
            "app_role": [],
            "app_role_ids": {},
            "application_id": "216fff81-b91a-4f97-8406-73ea80f824a2",
            "description": "",
            "device_only_auth_enabled": false,
            "disabled_by_microsoft": "\u003cnil\u003e",
            "display_name": "azure-cluster-rv-app",
            "fallback_public_client_enabled": false,
            "feature_tags": [
              {
                "custom_single_sign_on": false,
                "enterprise": false,
                "gallery": false,
                "hide": false
              }
            ],
            "group_membership_claims": null,
            "id": "c55d2f4a-fd81-4879-913b-9c9c289f239b",
            "identifier_uris": null,
            "logo_image": "",
            "logo_url": "",
            "marketing_url": "",
            "notes": "",
            "oauth2_permission_scope_ids": {},
            "oauth2_post_response_required": false,
            "object_id": "c55d2f4a-fd81-4879-913b-9c9c289f239b",
            "optional_claims": [
              {
                "access_token": [],
                "id_token": [],
                "saml2_token": []
              }
            ],
            "owners": [
              "6e4f4acf-7874-40be-8959-d7479383909d"
            ],
            "prevent_duplicate_names": false,
            "privacy_statement_url": "",
            "public_client": [
              {
                "redirect_uris": []
              }
            ],
            "publisher_domain": "plutowongdfh1gmail.onmicrosoft.com",
            "required_resource_access": [],
            "service_management_reference": "",
            "sign_in_audience": "AzureADMyOrg",
            "single_page_application": [
              {
                "redirect_uris": []
              }
            ],
            "support_url": "",
            "tags": [],
            "template_id": "",
            "terms_of_service_url": "",
            "timeouts": null,
            "web": [
              {
                "homepage_url": "",
                "implicit_grant": [
                  {
                    "access_token_issuance_enabled": false,
                    "id_token_issuance_enabled": false
                  }
                ],
                "logout_url": "",
                "redirect_uris": []
              }
            ]
          },
          "sensitive_attributes": [],
          "private": "eyJlMmJmYjczMC1lY2FhLTExZTYtOGY4OC0zNDM2M2JjN2M0YzAiOnsiY3JlYXRlIjo2MDAwMDAwMDAwMDAsImRlbGV0ZSI6MzAwMDAwMDAwMDAwLCJyZWFkIjozMDAwMDAwMDAwMDAsInVwZGF0ZSI6NjAwMDAwMDAwMDAwfSwic2NoZW1hX3ZlcnNpb24iOiIxIn0=",
          "dependencies": [
            "module.aad_app.data.azuread_client_config.current",
            "random_string.suffix"
          ]
        }
      ]
    },
    {
      "module": "module.aad_app",
      "mode": "managed",
      "type": "azuread_service_principal",
      "name": "aad_app",
      "provider": "provider[\"registry.terraform.io/hashicorp/azuread\"]",
      "instances": [
        {
          "schema_version": 0,
          "attributes": {
            "account_enabled": true,
            "alternative_names": null,
            "app_role_assignment_required": false,
            "app_role_ids": {},
            "app_roles": [],
            "application_id": "216fff81-b91a-4f97-8406-73ea80f824a2",
            "application_tenant_id": "499f9014-8d5f-4c14-9bdd-89bbe8996bd4",
            "description": "",
            "display_name": "azure-cluster-rv-app",
            "feature_tags": [
              {
                "custom_single_sign_on": false,
                "enterprise": false,
                "gallery": false,
                "hide": false
              }
            ],
            "features": [
              {
                "custom_single_sign_on_app": false,
                "enterprise_application": false,
                "gallery_application": false,
                "visible_to_users": true
              }
            ],
            "homepage_url": "",
            "id": "2a21b597-537f-4d38-bc43-5cadf1c8afea",
            "login_url": "",
            "logout_url": "",
            "notes": "",
            "notification_email_addresses": null,
            "oauth2_permission_scope_ids": {},
            "oauth2_permission_scopes": [],
            "object_id": "2a21b597-537f-4d38-bc43-5cadf1c8afea",
            "owners": [
              "6e4f4acf-7874-40be-8959-d7479383909d"
            ],
            "preferred_single_sign_on_mode": "",
            "redirect_uris": [],
            "saml_metadata_url": "",
            "saml_single_sign_on": [
              {
                "relay_state": ""
              }
            ],
            "service_principal_names": [],
            "sign_in_audience": "AzureADMyOrg",
            "tags": [],
            "timeouts": null,
            "type": "Application",
            "use_existing": null
          },
          "sensitive_attributes": [],
          "private": "eyJlMmJmYjczMC1lY2FhLTExZTYtOGY4OC0zNDM2M2JjN2M0YzAiOnsiY3JlYXRlIjo2MDAwMDAwMDAwMDAsImRlbGV0ZSI6MzAwMDAwMDAwMDAwLCJyZWFkIjozMDAwMDAwMDAwMDAsInVwZGF0ZSI6NjAwMDAwMDAwMDAwfX0=",
          "dependencies": [
            "module.aad_app.azuread_application.aad_app",
            "module.aad_app.data.azuread_client_config.current",
            "random_string.suffix"
          ]
        }
      ]
    },
    {
      "module": "module.aad_app",
      "mode": "managed",
      "type": "azurerm_role_assignment",
      "name": "contributor",
      "provider": "provider[\"registry.terraform.io/hashicorp/azurerm\"]",
      "instances": [
        {
          "schema_version": 0,
          "attributes": {
            "id": "/subscriptions/5b8acbac-8feb-4a3b-b11d-55d689283fec/providers/Microsoft.Authorization/roleAssignments/de3065f4-0431-cf83-702f-af485c790a95",
            "name": "de3065f4-0431-cf83-702f-af485c790a95",
            "principal_id": "2a21b597-537f-4d38-bc43-5cadf1c8afea",
            "principal_type": "ServicePrincipal",
            "role_definition_id": "/subscriptions/5b8acbac-8feb-4a3b-b11d-55d689283fec/providers/Microsoft.Authorization/roleDefinitions/b24988ac-6180-42a0-ab88-20f7382dd24c",
            "role_definition_name": "Contributor",
            "scope": "/subscriptions/5b8acbac-8feb-4a3b-b11d-55d689283fec",
            "skip_service_principal_aad_check": null,
            "timeouts": null
          },
          "sensitive_attributes": [],
          "private": "eyJlMmJmYjczMC1lY2FhLTExZTYtOGY4OC0zNDM2M2JjN2M0YzAiOnsiY3JlYXRlIjoxODAwMDAwMDAwMDAwLCJkZWxldGUiOjE4MDAwMDAwMDAwMDAsInJlYWQiOjMwMDAwMDAwMDAwMCwidXBkYXRlIjoxODAwMDAwMDAwMDAwfX0=",
          "dependencies": [
            "module.aad_app.azuread_application.aad_app",
            "module.aad_app.azuread_service_principal.aad_app",
            "module.aad_app.data.azuread_client_config.current",
            "module.aad_app.data.azurerm_subscription.current",
            "random_string.suffix"
          ]
        }
      ]
    },
    {
      "module": "module.aad_app",
      "mode": "managed",
      "type": "azurerm_role_assignment",
      "name": "key_vaule_admin",
      "provider": "provider[\"registry.terraform.io/hashicorp/azurerm\"]",
      "instances": [
        {
          "schema_version": 0,
          "attributes": {
            "id": "/subscriptions/5b8acbac-8feb-4a3b-b11d-55d689283fec/providers/Microsoft.Authorization/roleAssignments/2b61e798-2b8f-d5f5-5010-656ead4ca255",
            "name": "2b61e798-2b8f-d5f5-5010-656ead4ca255",
            "principal_id": "2a21b597-537f-4d38-bc43-5cadf1c8afea",
            "principal_type": "ServicePrincipal",
            "role_definition_id": "/subscriptions/5b8acbac-8feb-4a3b-b11d-55d689283fec/providers/Microsoft.Authorization/roleDefinitions/00482a5a-887f-4fb3-b363-3b7fe8e74483",
            "role_definition_name": "Key Vault Administrator",
            "scope": "/subscriptions/5b8acbac-8feb-4a3b-b11d-55d689283fec",
            "skip_service_principal_aad_check": null,
            "timeouts": null
          },
          "sensitive_attributes": [],
          "private": "eyJlMmJmYjczMC1lY2FhLTExZTYtOGY4OC0zNDM2M2JjN2M0YzAiOnsiY3JlYXRlIjoxODAwMDAwMDAwMDAwLCJkZWxldGUiOjE4MDAwMDAwMDAwMDAsInJlYWQiOjMwMDAwMDAwMDAwMCwidXBkYXRlIjoxODAwMDAwMDAwMDAwfX0=",
          "dependencies": [
            "module.aad_app.azuread_application.aad_app",
            "module.aad_app.azuread_service_principal.aad_app",
            "module.aad_app.data.azuread_client_config.current",
            "module.aad_app.data.azurerm_subscription.current",
            "random_string.suffix"
          ]
        }
      ]
    },
    {
      "module": "module.aad_app",
      "mode": "managed",
      "type": "azurerm_role_assignment",
      "name": "user_access_admin",
      "provider": "provider[\"registry.terraform.io/hashicorp/azurerm\"]",
      "instances": [
        {
          "schema_version": 0,
          "attributes": {
            "id": "/subscriptions/5b8acbac-8feb-4a3b-b11d-55d689283fec/providers/Microsoft.Authorization/roleAssignments/a07127d2-6405-1b7e-ce22-a4752d7e20e2",
            "name": "a07127d2-6405-1b7e-ce22-a4752d7e20e2",
            "principal_id": "2a21b597-537f-4d38-bc43-5cadf1c8afea",
            "principal_type": "ServicePrincipal",
            "role_definition_id": "/subscriptions/5b8acbac-8feb-4a3b-b11d-55d689283fec/providers/Microsoft.Authorization/roleDefinitions/18d7d88d-d35e-4fb5-a5c3-7773c20a72d9",
            "role_definition_name": "User Access Administrator",
            "scope": "/subscriptions/5b8acbac-8feb-4a3b-b11d-55d689283fec",
            "skip_service_principal_aad_check": null,
            "timeouts": null
          },
          "sensitive_attributes": [],
          "private": "eyJlMmJmYjczMC1lY2FhLTExZTYtOGY4OC0zNDM2M2JjN2M0YzAiOnsiY3JlYXRlIjoxODAwMDAwMDAwMDAwLCJkZWxldGUiOjE4MDAwMDAwMDAwMDAsInJlYWQiOjMwMDAwMDAwMDAwMCwidXBkYXRlIjoxODAwMDAwMDAwMDAwfX0=",
          "dependencies": [
            "module.aad_app.azuread_application.aad_app",
            "module.aad_app.azuread_service_principal.aad_app",
            "module.aad_app.data.azuread_client_config.current",
            "module.aad_app.data.azurerm_subscription.current",
            "random_string.suffix"
          ]
        }
      ]
    },
    {
      "module": "module.anthos_cluster",
      "mode": "managed",
      "type": "azuread_application_certificate",
      "name": "aad_app_azure_client_cert",
      "provider": "provider[\"registry.terraform.io/hashicorp/azuread\"]",
      "instances": [
        {
          "schema_version": 0,
          "attributes": {
            "application_object_id": "c55d2f4a-fd81-4879-913b-9c9c289f239b",
            "encoding": "pem",
            "end_date": "2024-04-17T16:13:31Z",
            "end_date_relative": "8760h",
            "id": "c55d2f4a-fd81-4879-913b-9c9c289f239b/certificate/14001075-c1f7-b7a1-180e-f2eb4eec832b",
            "key_id": "14001075-c1f7-b7a1-180e-f2eb4eec832b",
            "start_date": "2023-04-18T16:13:30Z",
            "timeouts": null,
            "type": "AsymmetricX509Cert",
            "value": "-----BEGIN CERTIFICATE-----\nMIIDXTCCAkWgAwIBAgIBADANBgkqhkiG9w0BAQsFADBgMV4wXAYDVQQDE1Vwcm9q\nZWN0cy8xMzg1NjM3NDc3MjMvbG9jYXRpb25zL2FzaWEtZWFzdDIvYXp1cmVDbGll\nbnRzL2F6dXJlLWNsdXN0ZXItcnYtYXp1cmUtY2xpZW50MCAXDTIzMDQxODE2MTMz\nMFoYDzIwNTMwNDEwMTYxMzMwWjBgMV4wXAYDVQQDE1Vwcm9qZWN0cy8xMzg1NjM3\nNDc3MjMvbG9jYXRpb25zL2FzaWEtZWFzdDIvYXp1cmVDbGllbnRzL2F6dXJlLWNs\ndXN0ZXItcnYtYXp1cmUtY2xpZW50MIIBIjANBgkqhkiG9w0BAQEFAAOCAQ8AMIIB\nCgKCAQEA3gFAHRKMQ6cQPZnGWVHaZRfDLhzHKVuWtEWLYkwDYO253TrHLad4fWU0\nQrekggT0wyvmy3EDOOqlpJVyx6k0bpab9EopkgmfkR2YOMOA9p06xZT9Rguw6Kri\n5Lead6v1NgMkDiCieyKz3pc4G2WbTibgsW42rbmyWib7uNumRGqmp4mcwTfcmIDx\nqpxcdQ856CjmPIIelVo7IDRJ6WA2ZXhE1kh3hvX54Xg+e05yH3PSKVBxMb38869V\njM9WIdBABWHWoC25E2sE9NvatSLeyO8/8cPdpAEQJsUf2ycMDwL3ozWRde21obaH\nMk57LgK6IcR3qT4DmetnZWNFTbBtRwIDAQABoyAwHjAOBgNVHQ8BAf8EBAMCBaAw\nDAYDVR0TAQH/BAIwADANBgkqhkiG9w0BAQsFAAOCAQEAZB0Qg+pMLRpR8CoVnqey\nZTl+Y6co9uc51C3KbPenbAAQm3WKWwFsNyLZrnvLtPKkucxsl6pQ63Sq/2ya6mH3\n8FSTmJ/I4/DCm93CLfj0z9xLI5gVDOdk6/hA9daEivzT0hyLaapCkpvDzIovOV+p\n1186yClWMzy5Zpka1b6otHFPdCrD3JgJ94mXwgvbIVkXtFGsgJVMf0KalOpesIpc\ndg/Q+4/qUB2jJp4O9ffw3vplg6yXdGkk3cylKnGgth//Gc/j4zcrhVOZ0lFdXPf2\ncD/E1R3apmhb2LOyxT33lxSgd/trVwLKihadEIocIOqpsCUR7DynGZ57H+2c2vmj\nQg==\n-----END CERTIFICATE-----\n"
          },
          "sensitive_attributes": [],
          "private": "eyJlMmJmYjczMC1lY2FhLTExZTYtOGY4OC0zNDM2M2JjN2M0YzAiOnsiY3JlYXRlIjozMDAwMDAwMDAwMDAsImRlbGV0ZSI6MzAwMDAwMDAwMDAwLCJyZWFkIjozMDAwMDAwMDAwMDAsInVwZGF0ZSI6MzAwMDAwMDAwMDAwfX0=",
          "dependencies": [
            "module.aad_app.azuread_application.aad_app",
            "module.aad_app.azuread_service_principal.aad_app",
            "module.aad_app.azurerm_role_assignment.contributor",
            "module.aad_app.azurerm_role_assignment.key_vaule_admin",
            "module.aad_app.azurerm_role_assignment.user_access_admin",
            "module.aad_app.data.azuread_client_config.current",
            "module.aad_app.data.azurerm_subscription.current",
            "module.anthos_cluster.module.azure_client.google_container_azure_client.this",
            "module.cluster_rg.azurerm_resource_group.cluster",
            "module.cluster_rg.azurerm_role_assignment.aad_app_contributor",
            "module.cluster_rg.azurerm_role_assignment.aad_app_keyvault_admin",
            "module.cluster_rg.azurerm_role_assignment.aad_app_user_admin",
            "module.cluster_rg.data.azurerm_client_config.current",
            "module.cluster_rg.data.azurerm_subscription.current",
            "module.cluster_vnet.azurerm_nat_gateway.nat_gateway",
            "module.cluster_vnet.azurerm_nat_gateway_public_ip_association.nat_gateway",
            "module.cluster_vnet.azurerm_public_ip.nat_gateway_pip",
            "module.cluster_vnet.azurerm_resource_group.vnet",
            "module.cluster_vnet.azurerm_role_assignment.aad_app_vnet",
            "module.cluster_vnet.azurerm_role_assignment.this",
            "module.cluster_vnet.azurerm_role_definition.this",
            "module.cluster_vnet.azurerm_role_definition.vnet",
            "module.cluster_vnet.azurerm_subnet.default",
            "module.cluster_vnet.azurerm_subnet_nat_gateway_association.default_subnet_nat_association",
            "module.cluster_vnet.azurerm_virtual_network.vnet",
            "module.cluster_vnet.data.azurerm_subscription.current",
            "random_string.suffix"
          ]
        }
      ]
    },
    {
      "module": "module.anthos_cluster",
      "mode": "managed",
      "type": "google_container_azure_cluster",
      "name": "this",
      "provider": "provider[\"registry.terraform.io/hashicorp/google\"]",
      "instances": [
        {
          "schema_version": 0,
          "attributes": {
            "annotations": null,
            "authorization": [
              {
                "admin_users": [
                  {
                    "username": "plutowongdfh1@gmail.com"
                  }
                ]
              }
            ],
            "azure_region": "eastasia",
            "azure_services_authentication": [],
            "client": "projects/138563747723/locations/asia-east2/azureClients/azure-cluster-rv-azure-client",
            "control_plane": [
              {
                "database_encryption": [],
                "main_volume": [
                  {
                    "size_gib": 8
                  }
                ],
                "proxy_config": [],
                "replica_placements": [],
                "root_volume": [
                  {
                    "size_gib": 32
                  }
                ],
                "ssh_config": [
                  {
                    "authorized_key": "ssh-rsa AAAAB3NzaC1yc2EAAAADAQABAAACAQDs+GKsruo9JUHRuktI3GQpMSJsQQ3EKpoNrGaN3b0kcN9WyhiyJD0WXxjKlHpcipkoHxMTDFk8T/yfJh87vIIvjoHBB8mnxNrWpW3A9bToD/PMQxkQkN7NzoMskZLqcOtyuJdKndCKkrvXBhRjj+5HlFQh+/4BbNiDffR/lVDTGTLm4OHmyUGFW4W57LIa+GESrw09xh2Pu2pWsDIejPx/0cInNgnyxUbZ2L4f3IVQi2BM0yqpetf1youbDxCQ6u7opa9tuXECXl1F5Se0ltkaJpVPV5r3DlcP9NYJf21gRhb1Wrm9tF32EpMtulCebuWUebugcBMh6FRv/HPF5MIKgHdU5wdouVnKPEtkeZR24MNV0HNHeUTC05jNEOvUI/WPxX21jdU5FAX0eJT1TK+3QdkRSMPsdgZ9D2QAL9PhdaM2tSTu7MK+/Q/sdrLuBPk6It8+jqZXSvG+0Fu24rYklfuafvUZM1OJUvmNj/0C8fcqm11VtDjHUFyuJuQOZ+WcPXyAuN3mQta+q205sx4MQOX4H1wXNPZ9CtoNAUg+Vwryh1olADYsGDj0ltwa5YENHzrR84wMnvwfVr2WXE7UeyrNqQlFNUqzGEwycaBTvmL6RgMpYgFPRR5wNidNjWbF5U3oonqeiMTm7COr8R60geN4sVNm5Ou79IbOKGdRvQ==\n"
                  }
                ],
                "subnet_id": "/subscriptions/5b8acbac-8feb-4a3b-b11d-55d689283fec/resourceGroups/azure-cluster-rv-vnet-rg/providers/Microsoft.Network/virtualNetworks/azure-cluster-rv-vnet-rg/subnets/default",
                "tags": {
                  "client": "Terraform"
                },
                "version": "1.21.5-gke.2800",
                "vm_size": "Standard_DS2_v2"
              }
            ],
            "create_time": "2023-04-18T16:14:39.334267Z",
            "description": "Test Azure GKE cluster created with Terraform",
            "endpoint": "10.0.1.4",
            "etag": "W/\"xAlVDDjii9EnYqx8W_5XT4TA1gDiYR9uyQjbV3hlqLk\"",
            "fleet": [
              {
                "membership": "projects/138563747723/locations/global/memberships/azure-cluster-rv",
                "project": "projects/138563747723"
              }
            ],
            "id": "projects/terraform-gcp-384015/locations/asia-east2/azureClusters/azure-cluster-rv",
            "location": "asia-east2",
            "name": "azure-cluster-rv",
            "networking": [
              {
                "pod_address_cidr_blocks": [
                  "10.200.0.0/16"
                ],
                "service_address_cidr_blocks": [
                  "10.32.0.0/24"
                ],
                "virtual_network_id": "/subscriptions/5b8acbac-8feb-4a3b-b11d-55d689283fec/resourceGroups/azure-cluster-rv-vnet-rg/providers/Microsoft.Network/virtualNetworks/azure-cluster-rv-vnet-rg"
              }
            ],
            "project": "terraform-gcp-384015",
            "reconciling": false,
            "resource_group_id": "/subscriptions/5b8acbac-8feb-4a3b-b11d-55d689283fec/resourceGroups/azure-cluster-rv-rg",
            "state": "RUNNING",
            "timeouts": {
              "create": "45m",
              "delete": "45m",
              "update": "45m"
            },
            "uid": "6d8168fc-948e-47ed-8c63-ff7985beb39d",
            "update_time": "2023-04-18T16:21:54.100297Z",
            "workload_identity_config": [
              {
                "identity_provider": "//gkemulticloud.googleapis.com/projects/138563747723/locations/asia-east2/azureClusters/azure-cluster-rv",
                "issuer_uri": "https://asia-east2-gkemulticloud.googleapis.com/v1/projects/138563747723/locations/asia-east2/azureClusters/azure-cluster-rv",
                "workload_pool": "terraform-gcp-384015.svc.id.goog"
              }
            ]
          },
          "sensitive_attributes": [],
          "private": "eyJlMmJmYjczMC1lY2FhLTExZTYtOGY4OC0zNDM2M2JjN2M0YzAiOnsiY3JlYXRlIjoyNzAwMDAwMDAwMDAwLCJkZWxldGUiOjI3MDAwMDAwMDAwMDAsInVwZGF0ZSI6MjcwMDAwMDAwMDAwMH19",
          "dependencies": [
            "module.aad_app.azuread_application.aad_app",
            "module.aad_app.azuread_service_principal.aad_app",
            "module.aad_app.azurerm_role_assignment.contributor",
            "module.aad_app.azurerm_role_assignment.key_vaule_admin",
            "module.aad_app.azurerm_role_assignment.user_access_admin",
            "module.aad_app.data.azuread_client_config.current",
            "module.aad_app.data.azurerm_subscription.current",
            "module.anthos_cluster.azuread_application_certificate.aad_app_azure_client_cert",
            "module.anthos_cluster.module.azure_client.google_container_azure_client.this",
            "module.anthos_cluster.time_sleep.wait_for_aad_app_azure_client_cert",
            "module.cluster_rg.azurerm_resource_group.cluster",
            "module.cluster_rg.azurerm_role_assignment.aad_app_contributor",
            "module.cluster_rg.azurerm_role_assignment.aad_app_keyvault_admin",
            "module.cluster_rg.azurerm_role_assignment.aad_app_user_admin",
            "module.cluster_rg.data.azurerm_client_config.current",
            "module.cluster_rg.data.azurerm_subscription.current",
            "module.cluster_vnet.azurerm_nat_gateway.nat_gateway",
            "module.cluster_vnet.azurerm_nat_gateway_public_ip_association.nat_gateway",
            "module.cluster_vnet.azurerm_public_ip.nat_gateway_pip",
            "module.cluster_vnet.azurerm_resource_group.vnet",
            "module.cluster_vnet.azurerm_role_assignment.aad_app_vnet",
            "module.cluster_vnet.azurerm_role_assignment.this",
            "module.cluster_vnet.azurerm_role_definition.this",
            "module.cluster_vnet.azurerm_role_definition.vnet",
            "module.cluster_vnet.azurerm_subnet.default",
            "module.cluster_vnet.azurerm_subnet_nat_gateway_association.default_subnet_nat_association",
            "module.cluster_vnet.azurerm_virtual_network.vnet",
            "module.cluster_vnet.data.azurerm_subscription.current",
            "module.gcp_data.data.google_container_aws_versions.this",
            "module.gcp_data.data.google_project.project",
            "random_string.suffix",
            "tls_private_key.anthos_ssh_key"
          ]
        }
      ]
    },
    {
      "module": "module.anthos_cluster",
      "mode": "managed",
      "type": "google_container_azure_node_pool",
      "name": "azure_node_pool",
      "provider": "provider[\"registry.terraform.io/hashicorp/google\"]",
      "instances": [
        {
          "schema_version": 0,
          "attributes": {
            "annotations": null,
            "autoscaling": [
              {
                "max_node_count": 2,
                "min_node_count": 2
              }
            ],
            "azure_availability_zone": "1",
            "cluster": "projects/terraform-gcp-384015/locations/asia-east2/azureClusters/azure-cluster-rv",
            "config": [
              {
                "proxy_config": [],
                "root_volume": [
                  {
                    "size_gib": 32
                  }
                ],
                "ssh_config": [
                  {
                    "authorized_key": "ssh-rsa AAAAB3NzaC1yc2EAAAADAQABAAACAQDs+GKsruo9JUHRuktI3GQpMSJsQQ3EKpoNrGaN3b0kcN9WyhiyJD0WXxjKlHpcipkoHxMTDFk8T/yfJh87vIIvjoHBB8mnxNrWpW3A9bToD/PMQxkQkN7NzoMskZLqcOtyuJdKndCKkrvXBhRjj+5HlFQh+/4BbNiDffR/lVDTGTLm4OHmyUGFW4W57LIa+GESrw09xh2Pu2pWsDIejPx/0cInNgnyxUbZ2L4f3IVQi2BM0yqpetf1youbDxCQ6u7opa9tuXECXl1F5Se0ltkaJpVPV5r3DlcP9NYJf21gRhb1Wrm9tF32EpMtulCebuWUebugcBMh6FRv/HPF5MIKgHdU5wdouVnKPEtkeZR24MNV0HNHeUTC05jNEOvUI/WPxX21jdU5FAX0eJT1TK+3QdkRSMPsdgZ9D2QAL9PhdaM2tSTu7MK+/Q/sdrLuBPk6It8+jqZXSvG+0Fu24rYklfuafvUZM1OJUvmNj/0C8fcqm11VtDjHUFyuJuQOZ+WcPXyAuN3mQta+q205sx4MQOX4H1wXNPZ9CtoNAUg+Vwryh1olADYsGDj0ltwa5YENHzrR84wMnvwfVr2WXE7UeyrNqQlFNUqzGEwycaBTvmL6RgMpYgFPRR5wNidNjWbF5U3oonqeiMTm7COr8R60geN4sVNm5Ou79IbOKGdRvQ==\n"
                  }
                ],
                "tags": {
                  "client": "Terraform"
                },
                "vm_size": "Standard_DS2_v2"
              }
            ],
            "create_time": "2023-04-18T16:22:28.496665Z",
            "etag": "W/\"7em831G4MePaC86XZQo-CiNKA5y1O6HMlMaT27gvlEM\"",
            "id": "projects/terraform-gcp-384015/locations/asia-east2/azureClusters/azure-cluster-rv/azureNodePools/azure-cluster-rv-np-1",
            "location": "asia-east2",
            "max_pods_constraint": [
              {
                "max_pods_per_node": 110
              }
            ],
            "name": "azure-cluster-rv-np-1",
            "project": "terraform-gcp-384015",
            "reconciling": false,
            "state": "RUNNING",
            "subnet_id": "/subscriptions/5b8acbac-8feb-4a3b-b11d-55d689283fec/resourceGroups/azure-cluster-rv-vnet-rg/providers/Microsoft.Network/virtualNetworks/azure-cluster-rv-vnet-rg/subnets/default",
            "timeouts": {
              "create": "45m",
              "delete": "45m",
              "update": "45m"
            },
            "uid": "afa99553-42e6-46d1-aacd-0b3108f9af55",
            "update_time": "2023-04-18T16:25:12.143144Z",
            "version": "1.21.5-gke.2800"
          },
          "sensitive_attributes": [],
          "private": "eyJlMmJmYjczMC1lY2FhLTExZTYtOGY4OC0zNDM2M2JjN2M0YzAiOnsiY3JlYXRlIjoyNzAwMDAwMDAwMDAwLCJkZWxldGUiOjI3MDAwMDAwMDAwMDAsInVwZGF0ZSI6MjcwMDAwMDAwMDAwMH19",
          "dependencies": [
            "module.aad_app.azuread_application.aad_app",
            "module.aad_app.azuread_service_principal.aad_app",
            "module.aad_app.azurerm_role_assignment.contributor",
            "module.aad_app.azurerm_role_assignment.key_vaule_admin",
            "module.aad_app.azurerm_role_assignment.user_access_admin",
            "module.aad_app.data.azuread_client_config.current",
            "module.aad_app.data.azurerm_subscription.current",
            "module.anthos_cluster.azuread_application_certificate.aad_app_azure_client_cert",
            "module.anthos_cluster.google_container_azure_cluster.this",
            "module.anthos_cluster.module.azure_client.google_container_azure_client.this",
            "module.anthos_cluster.time_sleep.wait_for_aad_app_azure_client_cert",
            "module.cluster_rg.azurerm_resource_group.cluster",
            "module.cluster_rg.azurerm_role_assignment.aad_app_contributor",
            "module.cluster_rg.azurerm_role_assignment.aad_app_keyvault_admin",
            "module.cluster_rg.azurerm_role_assignment.aad_app_user_admin",
            "module.cluster_rg.data.azurerm_client_config.current",
            "module.cluster_rg.data.azurerm_subscription.current",
            "module.cluster_vnet.azurerm_nat_gateway.nat_gateway",
            "module.cluster_vnet.azurerm_nat_gateway_public_ip_association.nat_gateway",
            "module.cluster_vnet.azurerm_public_ip.nat_gateway_pip",
            "module.cluster_vnet.azurerm_resource_group.vnet",
            "module.cluster_vnet.azurerm_role_assignment.aad_app_vnet",
            "module.cluster_vnet.azurerm_role_assignment.this",
            "module.cluster_vnet.azurerm_role_definition.this",
            "module.cluster_vnet.azurerm_role_definition.vnet",
            "module.cluster_vnet.azurerm_subnet.default",
            "module.cluster_vnet.azurerm_subnet_nat_gateway_association.default_subnet_nat_association",
            "module.cluster_vnet.azurerm_virtual_network.vnet",
            "module.cluster_vnet.data.azurerm_subscription.current",
            "module.gcp_data.data.google_container_aws_versions.this",
            "module.gcp_data.data.google_project.project",
            "random_string.suffix",
            "tls_private_key.anthos_ssh_key"
          ]
        }
      ]
    },
    {
      "module": "module.anthos_cluster",
      "mode": "managed",
      "type": "time_sleep",
      "name": "wait_for_aad_app_azure_client_cert",
      "provider": "provider[\"registry.terraform.io/hashicorp/time\"]",
      "instances": [
        {
          "schema_version": 0,
          "attributes": {
            "create_duration": "60s",
            "destroy_duration": null,
            "id": "2023-04-18T16:14:37Z",
            "triggers": null
          },
          "sensitive_attributes": [],
          "dependencies": [
            "module.aad_app.azuread_application.aad_app",
            "module.aad_app.azuread_service_principal.aad_app",
            "module.aad_app.azurerm_role_assignment.contributor",
            "module.aad_app.azurerm_role_assignment.key_vaule_admin",
            "module.aad_app.azurerm_role_assignment.user_access_admin",
            "module.aad_app.data.azuread_client_config.current",
            "module.aad_app.data.azurerm_subscription.current",
            "module.anthos_cluster.azuread_application_certificate.aad_app_azure_client_cert",
            "module.anthos_cluster.module.azure_client.google_container_azure_client.this",
            "module.cluster_rg.azurerm_resource_group.cluster",
            "module.cluster_rg.azurerm_role_assignment.aad_app_contributor",
            "module.cluster_rg.azurerm_role_assignment.aad_app_keyvault_admin",
            "module.cluster_rg.azurerm_role_assignment.aad_app_user_admin",
            "module.cluster_rg.data.azurerm_client_config.current",
            "module.cluster_rg.data.azurerm_subscription.current",
            "module.cluster_vnet.azurerm_nat_gateway.nat_gateway",
            "module.cluster_vnet.azurerm_nat_gateway_public_ip_association.nat_gateway",
            "module.cluster_vnet.azurerm_public_ip.nat_gateway_pip",
            "module.cluster_vnet.azurerm_resource_group.vnet",
            "module.cluster_vnet.azurerm_role_assignment.aad_app_vnet",
            "module.cluster_vnet.azurerm_role_assignment.this",
            "module.cluster_vnet.azurerm_role_definition.this",
            "module.cluster_vnet.azurerm_role_definition.vnet",
            "module.cluster_vnet.azurerm_subnet.default",
            "module.cluster_vnet.azurerm_subnet_nat_gateway_association.default_subnet_nat_association",
            "module.cluster_vnet.azurerm_virtual_network.vnet",
            "module.cluster_vnet.data.azurerm_subscription.current",
            "random_string.suffix"
          ]
        }
      ]
    },
    {
      "module": "module.anthos_cluster.module.azure_client",
      "mode": "managed",
      "type": "google_container_azure_client",
      "name": "this",
      "provider": "provider[\"registry.terraform.io/hashicorp/google\"]",
      "instances": [
        {
          "schema_version": 0,
          "attributes": {
            "application_id": "216fff81-b91a-4f97-8406-73ea80f824a2",
            "certificate": "-----BEGIN CERTIFICATE-----\nMIIDXTCCAkWgAwIBAgIBADANBgkqhkiG9w0BAQsFADBgMV4wXAYDVQQDE1Vwcm9q\nZWN0cy8xMzg1NjM3NDc3MjMvbG9jYXRpb25zL2FzaWEtZWFzdDIvYXp1cmVDbGll\nbnRzL2F6dXJlLWNsdXN0ZXItcnYtYXp1cmUtY2xpZW50MCAXDTIzMDQxODE2MTMz\nMFoYDzIwNTMwNDEwMTYxMzMwWjBgMV4wXAYDVQQDE1Vwcm9qZWN0cy8xMzg1NjM3\nNDc3MjMvbG9jYXRpb25zL2FzaWEtZWFzdDIvYXp1cmVDbGllbnRzL2F6dXJlLWNs\ndXN0ZXItcnYtYXp1cmUtY2xpZW50MIIBIjANBgkqhkiG9w0BAQEFAAOCAQ8AMIIB\nCgKCAQEA3gFAHRKMQ6cQPZnGWVHaZRfDLhzHKVuWtEWLYkwDYO253TrHLad4fWU0\nQrekggT0wyvmy3EDOOqlpJVyx6k0bpab9EopkgmfkR2YOMOA9p06xZT9Rguw6Kri\n5Lead6v1NgMkDiCieyKz3pc4G2WbTibgsW42rbmyWib7uNumRGqmp4mcwTfcmIDx\nqpxcdQ856CjmPIIelVo7IDRJ6WA2ZXhE1kh3hvX54Xg+e05yH3PSKVBxMb38869V\njM9WIdBABWHWoC25E2sE9NvatSLeyO8/8cPdpAEQJsUf2ycMDwL3ozWRde21obaH\nMk57LgK6IcR3qT4DmetnZWNFTbBtRwIDAQABoyAwHjAOBgNVHQ8BAf8EBAMCBaAw\nDAYDVR0TAQH/BAIwADANBgkqhkiG9w0BAQsFAAOCAQEAZB0Qg+pMLRpR8CoVnqey\nZTl+Y6co9uc51C3KbPenbAAQm3WKWwFsNyLZrnvLtPKkucxsl6pQ63Sq/2ya6mH3\n8FSTmJ/I4/DCm93CLfj0z9xLI5gVDOdk6/hA9daEivzT0hyLaapCkpvDzIovOV+p\n1186yClWMzy5Zpka1b6otHFPdCrD3JgJ94mXwgvbIVkXtFGsgJVMf0KalOpesIpc\ndg/Q+4/qUB2jJp4O9ffw3vplg6yXdGkk3cylKnGgth//Gc/j4zcrhVOZ0lFdXPf2\ncD/E1R3apmhb2LOyxT33lxSgd/trVwLKihadEIocIOqpsCUR7DynGZ57H+2c2vmj\nQg==\n-----END CERTIFICATE-----\n",
            "create_time": "2023-04-18T16:13:31.015060Z",
            "id": "projects/terraform-gcp-384015/locations/asia-east2/azureClients/azure-cluster-rv-azure-client",
            "location": "asia-east2",
            "name": "azure-cluster-rv-azure-client",
            "project": "terraform-gcp-384015",
            "tenant_id": "499f9014-8d5f-4c14-9bdd-89bbe8996bd4",
            "timeouts": null,
            "uid": "e6fa93e2-a903-4807-b8ab-89b1b90e29aa"
          },
          "sensitive_attributes": [],
          "private": "eyJlMmJmYjczMC1lY2FhLTExZTYtOGY4OC0zNDM2M2JjN2M0YzAiOnsiY3JlYXRlIjoxMjAwMDAwMDAwMDAwLCJkZWxldGUiOjEyMDAwMDAwMDAwMDB9fQ==",
          "dependencies": [
            "module.aad_app.azuread_application.aad_app",
            "module.aad_app.azuread_service_principal.aad_app",
            "module.aad_app.azurerm_role_assignment.contributor",
            "module.aad_app.azurerm_role_assignment.key_vaule_admin",
            "module.aad_app.azurerm_role_assignment.user_access_admin",
            "module.aad_app.data.azuread_client_config.current",
            "module.aad_app.data.azurerm_subscription.current",
            "module.cluster_rg.azurerm_resource_group.cluster",
            "module.cluster_rg.azurerm_role_assignment.aad_app_contributor",
            "module.cluster_rg.azurerm_role_assignment.aad_app_keyvault_admin",
            "module.cluster_rg.azurerm_role_assignment.aad_app_user_admin",
            "module.cluster_rg.data.azurerm_client_config.current",
            "module.cluster_rg.data.azurerm_subscription.current",
            "module.cluster_vnet.azurerm_nat_gateway.nat_gateway",
            "module.cluster_vnet.azurerm_nat_gateway_public_ip_association.nat_gateway",
            "module.cluster_vnet.azurerm_public_ip.nat_gateway_pip",
            "module.cluster_vnet.azurerm_resource_group.vnet",
            "module.cluster_vnet.azurerm_role_assignment.aad_app_vnet",
            "module.cluster_vnet.azurerm_role_assignment.this",
            "module.cluster_vnet.azurerm_role_definition.this",
            "module.cluster_vnet.azurerm_role_definition.vnet",
            "module.cluster_vnet.azurerm_subnet.default",
            "module.cluster_vnet.azurerm_subnet_nat_gateway_association.default_subnet_nat_association",
            "module.cluster_vnet.azurerm_virtual_network.vnet",
            "module.cluster_vnet.data.azurerm_subscription.current",
            "random_string.suffix"
          ]
        }
      ]
    },
    {
      "module": "module.cluster_rg",
      "mode": "data",
      "type": "azurerm_client_config",
      "name": "current",
      "provider": "provider[\"registry.terraform.io/hashicorp/azurerm\"]",
      "instances": [
        {
          "schema_version": 0,
          "attributes": {
            "client_id": "04b07795-8ddb-461a-bbee-02f9e1bf7b46",
            "id": "2023-04-18 16:13:00.8385505 +0000 UTC",
            "object_id": "",
            "subscription_id": "5b8acbac-8feb-4a3b-b11d-55d689283fec",
            "tenant_id": "499f9014-8d5f-4c14-9bdd-89bbe8996bd4",
            "timeouts": null
          },
          "sensitive_attributes": []
        }
      ]
    },
    {
      "module": "module.cluster_rg",
      "mode": "data",
      "type": "azurerm_subscription",
      "name": "current",
      "provider": "provider[\"registry.terraform.io/hashicorp/azurerm\"]",
      "instances": [
        {
          "schema_version": 0,
          "attributes": {
            "display_name": "Azure subscription 1",
            "id": "/subscriptions/5b8acbac-8feb-4a3b-b11d-55d689283fec",
            "location_placement_id": "Public_2014-09-01",
            "quota_id": "PayAsYouGo_2014-09-01",
            "spending_limit": "Off",
            "state": "Enabled",
            "subscription_id": "5b8acbac-8feb-4a3b-b11d-55d689283fec",
            "tags": {},
            "tenant_id": "499f9014-8d5f-4c14-9bdd-89bbe8996bd4",
            "timeouts": null
          },
          "sensitive_attributes": []
        }
      ]
    },
    {
      "module": "module.cluster_rg",
      "mode": "managed",
      "type": "azurerm_resource_group",
      "name": "cluster",
      "provider": "provider[\"registry.terraform.io/hashicorp/azurerm\"]",
      "instances": [
        {
          "schema_version": 0,
          "attributes": {
            "id": "/subscriptions/5b8acbac-8feb-4a3b-b11d-55d689283fec/resourceGroups/azure-cluster-rv-rg",
            "location": "eastasia",
            "name": "azure-cluster-rv-rg",
            "tags": null,
            "timeouts": null
          },
          "sensitive_attributes": [],
          "private": "eyJlMmJmYjczMC1lY2FhLTExZTYtOGY4OC0zNDM2M2JjN2M0YzAiOnsiY3JlYXRlIjo1NDAwMDAwMDAwMDAwLCJkZWxldGUiOjU0MDAwMDAwMDAwMDAsInJlYWQiOjMwMDAwMDAwMDAwMCwidXBkYXRlIjo1NDAwMDAwMDAwMDAwfX0=",
          "dependencies": [
            "module.aad_app.azuread_application.aad_app",
            "module.aad_app.azuread_service_principal.aad_app",
            "module.aad_app.azurerm_role_assignment.contributor",
            "module.aad_app.azurerm_role_assignment.key_vaule_admin",
            "module.aad_app.azurerm_role_assignment.user_access_admin",
            "module.aad_app.data.azuread_client_config.current",
            "module.aad_app.data.azurerm_subscription.current",
            "random_string.suffix"
          ]
        }
      ]
    },
    {
      "module": "module.cluster_rg",
      "mode": "managed",
      "type": "azurerm_role_assignment",
      "name": "aad_app_contributor",
      "provider": "provider[\"registry.terraform.io/hashicorp/azurerm\"]",
      "instances": [
        {
          "schema_version": 0,
          "attributes": {
            "id": "/subscriptions/5b8acbac-8feb-4a3b-b11d-55d689283fec/resourceGroups/azure-cluster-rv-rg/providers/Microsoft.Authorization/roleAssignments/8a59bbb6-386d-ab33-b258-e486312c77ee",
            "name": "8a59bbb6-386d-ab33-b258-e486312c77ee",
            "principal_id": "2a21b597-537f-4d38-bc43-5cadf1c8afea",
            "principal_type": "ServicePrincipal",
            "role_definition_id": "/subscriptions/5b8acbac-8feb-4a3b-b11d-55d689283fec/providers/Microsoft.Authorization/roleDefinitions/b24988ac-6180-42a0-ab88-20f7382dd24c",
            "role_definition_name": "Contributor",
            "scope": "/subscriptions/5b8acbac-8feb-4a3b-b11d-55d689283fec/resourceGroups/azure-cluster-rv-rg",
            "skip_service_principal_aad_check": null,
            "timeouts": null
          },
          "sensitive_attributes": [],
          "private": "eyJlMmJmYjczMC1lY2FhLTExZTYtOGY4OC0zNDM2M2JjN2M0YzAiOnsiY3JlYXRlIjoxODAwMDAwMDAwMDAwLCJkZWxldGUiOjE4MDAwMDAwMDAwMDAsInJlYWQiOjMwMDAwMDAwMDAwMCwidXBkYXRlIjoxODAwMDAwMDAwMDAwfX0=",
          "dependencies": [
            "module.aad_app.azuread_application.aad_app",
            "module.aad_app.azuread_service_principal.aad_app",
            "module.aad_app.azurerm_role_assignment.contributor",
            "module.aad_app.azurerm_role_assignment.key_vaule_admin",
            "module.aad_app.azurerm_role_assignment.user_access_admin",
            "module.aad_app.data.azuread_client_config.current",
            "module.aad_app.data.azurerm_subscription.current",
            "module.cluster_rg.azurerm_resource_group.cluster",
            "random_string.suffix"
          ]
        }
      ]
    },
    {
      "module": "module.cluster_rg",
      "mode": "managed",
      "type": "azurerm_role_assignment",
      "name": "aad_app_keyvault_admin",
      "provider": "provider[\"registry.terraform.io/hashicorp/azurerm\"]",
      "instances": [
        {
          "schema_version": 0,
          "attributes": {
            "id": "/subscriptions/5b8acbac-8feb-4a3b-b11d-55d689283fec/resourceGroups/azure-cluster-rv-rg/providers/Microsoft.Authorization/roleAssignments/61482328-9b62-ecf4-9b4d-1be279772f5e",
            "name": "61482328-9b62-ecf4-9b4d-1be279772f5e",
            "principal_id": "2a21b597-537f-4d38-bc43-5cadf1c8afea",
            "principal_type": "ServicePrincipal",
            "role_definition_id": "/subscriptions/5b8acbac-8feb-4a3b-b11d-55d689283fec/providers/Microsoft.Authorization/roleDefinitions/00482a5a-887f-4fb3-b363-3b7fe8e74483",
            "role_definition_name": "Key Vault Administrator",
            "scope": "/subscriptions/5b8acbac-8feb-4a3b-b11d-55d689283fec/resourceGroups/azure-cluster-rv-rg",
            "skip_service_principal_aad_check": null,
            "timeouts": null
          },
          "sensitive_attributes": [],
          "private": "eyJlMmJmYjczMC1lY2FhLTExZTYtOGY4OC0zNDM2M2JjN2M0YzAiOnsiY3JlYXRlIjoxODAwMDAwMDAwMDAwLCJkZWxldGUiOjE4MDAwMDAwMDAwMDAsInJlYWQiOjMwMDAwMDAwMDAwMCwidXBkYXRlIjoxODAwMDAwMDAwMDAwfX0=",
          "dependencies": [
            "module.aad_app.azuread_application.aad_app",
            "module.aad_app.azuread_service_principal.aad_app",
            "module.aad_app.azurerm_role_assignment.contributor",
            "module.aad_app.azurerm_role_assignment.key_vaule_admin",
            "module.aad_app.azurerm_role_assignment.user_access_admin",
            "module.aad_app.data.azuread_client_config.current",
            "module.aad_app.data.azurerm_subscription.current",
            "module.cluster_rg.azurerm_resource_group.cluster",
            "random_string.suffix"
          ]
        }
      ]
    },
    {
      "module": "module.cluster_rg",
      "mode": "managed",
      "type": "azurerm_role_assignment",
      "name": "aad_app_user_admin",
      "provider": "provider[\"registry.terraform.io/hashicorp/azurerm\"]",
      "instances": [
        {
          "schema_version": 0,
          "attributes": {
            "id": "/subscriptions/5b8acbac-8feb-4a3b-b11d-55d689283fec/resourceGroups/azure-cluster-rv-rg/providers/Microsoft.Authorization/roleAssignments/c9617dde-9af7-988e-3860-4e02d1589d3a",
            "name": "c9617dde-9af7-988e-3860-4e02d1589d3a",
            "principal_id": "2a21b597-537f-4d38-bc43-5cadf1c8afea",
            "principal_type": "ServicePrincipal",
            "role_definition_id": "/subscriptions/5b8acbac-8feb-4a3b-b11d-55d689283fec/providers/Microsoft.Authorization/roleDefinitions/18d7d88d-d35e-4fb5-a5c3-7773c20a72d9",
            "role_definition_name": "User Access Administrator",
            "scope": "/subscriptions/5b8acbac-8feb-4a3b-b11d-55d689283fec/resourceGroups/azure-cluster-rv-rg",
            "skip_service_principal_aad_check": null,
            "timeouts": null
          },
          "sensitive_attributes": [],
          "private": "eyJlMmJmYjczMC1lY2FhLTExZTYtOGY4OC0zNDM2M2JjN2M0YzAiOnsiY3JlYXRlIjoxODAwMDAwMDAwMDAwLCJkZWxldGUiOjE4MDAwMDAwMDAwMDAsInJlYWQiOjMwMDAwMDAwMDAwMCwidXBkYXRlIjoxODAwMDAwMDAwMDAwfX0=",
          "dependencies": [
            "module.aad_app.azuread_application.aad_app",
            "module.aad_app.azuread_service_principal.aad_app",
            "module.aad_app.azurerm_role_assignment.contributor",
            "module.aad_app.azurerm_role_assignment.key_vaule_admin",
            "module.aad_app.azurerm_role_assignment.user_access_admin",
            "module.aad_app.data.azuread_client_config.current",
            "module.aad_app.data.azurerm_subscription.current",
            "module.cluster_rg.azurerm_resource_group.cluster",
            "random_string.suffix"
          ]
        }
      ]
    },
    {
      "module": "module.cluster_vnet",
      "mode": "data",
      "type": "azurerm_subscription",
      "name": "current",
      "provider": "provider[\"registry.terraform.io/hashicorp/azurerm\"]",
      "instances": [
        {
          "schema_version": 0,
          "attributes": {
            "display_name": "Azure subscription 1",
            "id": "/subscriptions/5b8acbac-8feb-4a3b-b11d-55d689283fec",
            "location_placement_id": "Public_2014-09-01",
            "quota_id": "PayAsYouGo_2014-09-01",
            "spending_limit": "Off",
            "state": "Enabled",
            "subscription_id": "5b8acbac-8feb-4a3b-b11d-55d689283fec",
            "tags": {},
            "tenant_id": "499f9014-8d5f-4c14-9bdd-89bbe8996bd4",
            "timeouts": null
          },
          "sensitive_attributes": []
        }
      ]
    },
    {
      "module": "module.cluster_vnet",
      "mode": "managed",
      "type": "azurerm_nat_gateway",
      "name": "nat_gateway",
      "provider": "provider[\"registry.terraform.io/hashicorp/azurerm\"]",
      "instances": [
        {
          "schema_version": 0,
          "attributes": {
            "id": "/subscriptions/5b8acbac-8feb-4a3b-b11d-55d689283fec/resourceGroups/azure-cluster-rv-vnet-rg/providers/Microsoft.Network/natGateways/azure-cluster-rv-vnet-rg-nat-gateway",
            "idle_timeout_in_minutes": 10,
            "location": "eastasia",
            "name": "azure-cluster-rv-vnet-rg-nat-gateway",
            "public_ip_address_ids": [],
            "public_ip_prefix_ids": null,
            "resource_group_name": "azure-cluster-rv-vnet-rg",
            "resource_guid": "63da0670-c3f1-44fe-aa1b-f3e5443d2948",
            "sku_name": "Standard",
            "tags": null,
            "timeouts": null,
            "zones": null
          },
          "sensitive_attributes": [],
          "private": "eyJlMmJmYjczMC1lY2FhLTExZTYtOGY4OC0zNDM2M2JjN2M0YzAiOnsiY3JlYXRlIjozNjAwMDAwMDAwMDAwLCJkZWxldGUiOjM2MDAwMDAwMDAwMDAsInJlYWQiOjMwMDAwMDAwMDAwMCwidXBkYXRlIjozNjAwMDAwMDAwMDAwfX0=",
          "dependencies": [
            "module.aad_app.azuread_application.aad_app",
            "module.aad_app.azuread_service_principal.aad_app",
            "module.aad_app.azurerm_role_assignment.contributor",
            "module.aad_app.azurerm_role_assignment.key_vaule_admin",
            "module.aad_app.azurerm_role_assignment.user_access_admin",
            "module.aad_app.data.azuread_client_config.current",
            "module.aad_app.data.azurerm_subscription.current",
            "module.cluster_vnet.azurerm_resource_group.vnet",
            "random_string.suffix"
          ]
        }
      ]
    },
    {
      "module": "module.cluster_vnet",
      "mode": "managed",
      "type": "azurerm_nat_gateway_public_ip_association",
      "name": "nat_gateway",
      "provider": "provider[\"registry.terraform.io/hashicorp/azurerm\"]",
      "instances": [
        {
          "schema_version": 0,
          "attributes": {
            "id": "/subscriptions/5b8acbac-8feb-4a3b-b11d-55d689283fec/resourceGroups/azure-cluster-rv-vnet-rg/providers/Microsoft.Network/natGateways/azure-cluster-rv-vnet-rg-nat-gateway|/subscriptions/5b8acbac-8feb-4a3b-b11d-55d689283fec/resourceGroups/azure-cluster-rv-vnet-rg/providers/Microsoft.Network/publicIPAddresses/azure-cluster-rv-vnet-rg-nat-ip",
            "nat_gateway_id": "/subscriptions/5b8acbac-8feb-4a3b-b11d-55d689283fec/resourceGroups/azure-cluster-rv-vnet-rg/providers/Microsoft.Network/natGateways/azure-cluster-rv-vnet-rg-nat-gateway",
            "public_ip_address_id": "/subscriptions/5b8acbac-8feb-4a3b-b11d-55d689283fec/resourceGroups/azure-cluster-rv-vnet-rg/providers/Microsoft.Network/publicIPAddresses/azure-cluster-rv-vnet-rg-nat-ip",
            "timeouts": null
          },
          "sensitive_attributes": [],
          "private": "eyJlMmJmYjczMC1lY2FhLTExZTYtOGY4OC0zNDM2M2JjN2M0YzAiOnsiY3JlYXRlIjoxODAwMDAwMDAwMDAwLCJkZWxldGUiOjE4MDAwMDAwMDAwMDAsInJlYWQiOjMwMDAwMDAwMDAwMH19",
          "dependencies": [
            "module.aad_app.azuread_application.aad_app",
            "module.aad_app.azuread_service_principal.aad_app",
            "module.aad_app.azurerm_role_assignment.contributor",
            "module.aad_app.azurerm_role_assignment.key_vaule_admin",
            "module.aad_app.azurerm_role_assignment.user_access_admin",
            "module.aad_app.data.azuread_client_config.current",
            "module.aad_app.data.azurerm_subscription.current",
            "module.cluster_vnet.azurerm_nat_gateway.nat_gateway",
            "module.cluster_vnet.azurerm_public_ip.nat_gateway_pip",
            "module.cluster_vnet.azurerm_resource_group.vnet",
            "random_string.suffix"
          ]
        }
      ]
    },
    {
      "module": "module.cluster_vnet",
      "mode": "managed",
      "type": "azurerm_public_ip",
      "name": "nat_gateway_pip",
      "provider": "provider[\"registry.terraform.io/hashicorp/azurerm\"]",
      "instances": [
        {
          "schema_version": 0,
          "attributes": {
            "allocation_method": "Static",
            "domain_name_label": null,
            "fqdn": null,
            "id": "/subscriptions/5b8acbac-8feb-4a3b-b11d-55d689283fec/resourceGroups/azure-cluster-rv-vnet-rg/providers/Microsoft.Network/publicIPAddresses/azure-cluster-rv-vnet-rg-nat-ip",
            "idle_timeout_in_minutes": 4,
            "ip_address": "20.24.105.248",
            "ip_version": "IPv4",
            "location": "eastasia",
            "name": "azure-cluster-rv-vnet-rg-nat-ip",
            "public_ip_prefix_id": null,
            "resource_group_name": "azure-cluster-rv-vnet-rg",
            "reverse_fqdn": null,
            "sku": "Standard",
            "tags": null,
            "timeouts": null,
            "zones": null
          },
          "sensitive_attributes": [],
          "private": "eyJlMmJmYjczMC1lY2FhLTExZTYtOGY4OC0zNDM2M2JjN2M0YzAiOnsiY3JlYXRlIjoxODAwMDAwMDAwMDAwLCJkZWxldGUiOjE4MDAwMDAwMDAwMDAsInJlYWQiOjMwMDAwMDAwMDAwMCwidXBkYXRlIjoxODAwMDAwMDAwMDAwfX0=",
          "dependencies": [
            "module.aad_app.azuread_application.aad_app",
            "module.aad_app.azuread_service_principal.aad_app",
            "module.aad_app.azurerm_role_assignment.contributor",
            "module.aad_app.azurerm_role_assignment.key_vaule_admin",
            "module.aad_app.azurerm_role_assignment.user_access_admin",
            "module.aad_app.data.azuread_client_config.current",
            "module.aad_app.data.azurerm_subscription.current",
            "module.cluster_vnet.azurerm_resource_group.vnet",
            "random_string.suffix"
          ]
        }
      ]
    },
    {
      "module": "module.cluster_vnet",
      "mode": "managed",
      "type": "azurerm_resource_group",
      "name": "vnet",
      "provider": "provider[\"registry.terraform.io/hashicorp/azurerm\"]",
      "instances": [
        {
          "schema_version": 0,
          "attributes": {
            "id": "/subscriptions/5b8acbac-8feb-4a3b-b11d-55d689283fec/resourceGroups/azure-cluster-rv-vnet-rg",
            "location": "eastasia",
            "name": "azure-cluster-rv-vnet-rg",
            "tags": null,
            "timeouts": null
          },
          "sensitive_attributes": [],
          "private": "eyJlMmJmYjczMC1lY2FhLTExZTYtOGY4OC0zNDM2M2JjN2M0YzAiOnsiY3JlYXRlIjo1NDAwMDAwMDAwMDAwLCJkZWxldGUiOjU0MDAwMDAwMDAwMDAsInJlYWQiOjMwMDAwMDAwMDAwMCwidXBkYXRlIjo1NDAwMDAwMDAwMDAwfX0=",
          "dependencies": [
            "module.aad_app.azuread_application.aad_app",
            "module.aad_app.azuread_service_principal.aad_app",
            "module.aad_app.azurerm_role_assignment.contributor",
            "module.aad_app.azurerm_role_assignment.key_vaule_admin",
            "module.aad_app.azurerm_role_assignment.user_access_admin",
            "module.aad_app.data.azuread_client_config.current",
            "module.aad_app.data.azurerm_subscription.current",
            "random_string.suffix"
          ]
        }
      ]
    },
    {
      "module": "module.cluster_vnet",
      "mode": "managed",
      "type": "azurerm_role_assignment",
      "name": "aad_app_vnet",
      "provider": "provider[\"registry.terraform.io/hashicorp/azurerm\"]",
      "instances": [
        {
          "schema_version": 0,
          "attributes": {
            "id": "/subscriptions/5b8acbac-8feb-4a3b-b11d-55d689283fec/resourceGroups/azure-cluster-rv-vnet-rg/providers/Microsoft.Network/virtualNetworks/azure-cluster-rv-vnet-rg/providers/Microsoft.Authorization/roleAssignments/96138d18-47c5-73ea-9c24-6de100c2d395",
            "name": "96138d18-47c5-73ea-9c24-6de100c2d395",
            "principal_id": "2a21b597-537f-4d38-bc43-5cadf1c8afea",
            "principal_type": "ServicePrincipal",
            "role_definition_id": "/subscriptions/5b8acbac-8feb-4a3b-b11d-55d689283fec/providers/Microsoft.Authorization/roleDefinitions/58992d74-fb70-eab7-07d3-305a8a8902a7",
            "role_definition_name": "azure-cluster-rv-app-vnet-admin",
            "scope": "/subscriptions/5b8acbac-8feb-4a3b-b11d-55d689283fec/resourceGroups/azure-cluster-rv-vnet-rg/providers/Microsoft.Network/virtualNetworks/azure-cluster-rv-vnet-rg",
            "skip_service_principal_aad_check": null,
            "timeouts": null
          },
          "sensitive_attributes": [],
          "private": "eyJlMmJmYjczMC1lY2FhLTExZTYtOGY4OC0zNDM2M2JjN2M0YzAiOnsiY3JlYXRlIjoxODAwMDAwMDAwMDAwLCJkZWxldGUiOjE4MDAwMDAwMDAwMDAsInJlYWQiOjMwMDAwMDAwMDAwMCwidXBkYXRlIjoxODAwMDAwMDAwMDAwfX0=",
          "dependencies": [
            "module.aad_app.azuread_application.aad_app",
            "module.aad_app.azuread_service_principal.aad_app",
            "module.aad_app.azurerm_role_assignment.contributor",
            "module.aad_app.azurerm_role_assignment.key_vaule_admin",
            "module.aad_app.azurerm_role_assignment.user_access_admin",
            "module.aad_app.data.azuread_client_config.current",
            "module.aad_app.data.azurerm_subscription.current",
            "module.cluster_vnet.azurerm_resource_group.vnet",
            "module.cluster_vnet.azurerm_role_definition.vnet",
            "module.cluster_vnet.azurerm_virtual_network.vnet",
            "module.cluster_vnet.data.azurerm_subscription.current",
            "random_string.suffix"
          ]
        }
      ]
    },
    {
      "module": "module.cluster_vnet",
      "mode": "managed",
      "type": "azurerm_role_assignment",
      "name": "this",
      "provider": "provider[\"registry.terraform.io/hashicorp/azurerm\"]",
      "instances": [
        {
          "schema_version": 0,
          "attributes": {
            "id": "/subscriptions/5b8acbac-8feb-4a3b-b11d-55d689283fec/resourceGroups/azure-cluster-rv-vnet-rg/providers/Microsoft.Authorization/roleAssignments/2f46c164-dbb9-c45a-264d-0daa2ffc61c5",
            "name": "2f46c164-dbb9-c45a-264d-0daa2ffc61c5",
            "principal_id": "2a21b597-537f-4d38-bc43-5cadf1c8afea",
            "principal_type": "ServicePrincipal",
            "role_definition_id": "/subscriptions/5b8acbac-8feb-4a3b-b11d-55d689283fec/providers/Microsoft.Authorization/roleDefinitions/3c74ed74-cb64-1cfe-cb7f-7cdf883caaf4",
            "role_definition_name": "azure-cluster-rv-app-role-admin",
            "scope": "/subscriptions/5b8acbac-8feb-4a3b-b11d-55d689283fec/resourceGroups/azure-cluster-rv-vnet-rg",
            "skip_service_principal_aad_check": null,
            "timeouts": null
          },
          "sensitive_attributes": [],
          "private": "eyJlMmJmYjczMC1lY2FhLTExZTYtOGY4OC0zNDM2M2JjN2M0YzAiOnsiY3JlYXRlIjoxODAwMDAwMDAwMDAwLCJkZWxldGUiOjE4MDAwMDAwMDAwMDAsInJlYWQiOjMwMDAwMDAwMDAwMCwidXBkYXRlIjoxODAwMDAwMDAwMDAwfX0=",
          "dependencies": [
            "module.aad_app.azuread_application.aad_app",
            "module.aad_app.azuread_service_principal.aad_app",
            "module.aad_app.azurerm_role_assignment.contributor",
            "module.aad_app.azurerm_role_assignment.key_vaule_admin",
            "module.aad_app.azurerm_role_assignment.user_access_admin",
            "module.aad_app.data.azuread_client_config.current",
            "module.aad_app.data.azurerm_subscription.current",
            "module.cluster_vnet.azurerm_resource_group.vnet",
            "module.cluster_vnet.azurerm_role_definition.this",
            "module.cluster_vnet.data.azurerm_subscription.current",
            "random_string.suffix"
          ]
        }
      ]
    },
    {
      "module": "module.cluster_vnet",
      "mode": "managed",
      "type": "azurerm_role_definition",
      "name": "this",
      "provider": "provider[\"registry.terraform.io/hashicorp/azurerm\"]",
      "instances": [
        {
          "schema_version": 1,
          "attributes": {
            "assignable_scopes": [
              "/subscriptions/5b8acbac-8feb-4a3b-b11d-55d689283fec"
            ],
            "description": "Allow Anthos service to manage role definitions.",
            "id": "/subscriptions/5b8acbac-8feb-4a3b-b11d-55d689283fec/providers/Microsoft.Authorization/roleDefinitions/3c74ed74-cb64-1cfe-cb7f-7cdf883caaf4|/subscriptions/5b8acbac-8feb-4a3b-b11d-55d689283fec",
            "name": "azure-cluster-rv-app-role-admin",
            "permissions": [
              {
                "actions": [
                  "Microsoft.Authorization/roleDefinitions/read",
                  "Microsoft.Authorization/roleDefinitions/write",
                  "Microsoft.Authorization/roleDefinitions/delete"
                ],
                "data_actions": null,
                "not_actions": [],
                "not_data_actions": null
              }
            ],
            "role_definition_id": "3c74ed74-cb64-1cfe-cb7f-7cdf883caaf4",
            "role_definition_resource_id": "/subscriptions/5b8acbac-8feb-4a3b-b11d-55d689283fec/providers/Microsoft.Authorization/roleDefinitions/3c74ed74-cb64-1cfe-cb7f-7cdf883caaf4",
            "scope": "/subscriptions/5b8acbac-8feb-4a3b-b11d-55d689283fec",
            "timeouts": null
          },
          "sensitive_attributes": [],
          "private": "eyJlMmJmYjczMC1lY2FhLTExZTYtOGY4OC0zNDM2M2JjN2M0YzAiOnsiY3JlYXRlIjoxODAwMDAwMDAwMDAwLCJkZWxldGUiOjE4MDAwMDAwMDAwMDAsInJlYWQiOjMwMDAwMDAwMDAwMCwidXBkYXRlIjoxODAwMDAwMDAwMDAwfSwic2NoZW1hX3ZlcnNpb24iOiIxIn0=",
          "dependencies": [
            "module.aad_app.azuread_application.aad_app",
            "module.aad_app.azuread_service_principal.aad_app",
            "module.aad_app.azurerm_role_assignment.contributor",
            "module.aad_app.azurerm_role_assignment.key_vaule_admin",
            "module.aad_app.azurerm_role_assignment.user_access_admin",
            "module.aad_app.data.azuread_client_config.current",
            "module.aad_app.data.azurerm_subscription.current",
            "module.cluster_vnet.data.azurerm_subscription.current",
            "random_string.suffix"
          ]
        }
      ]
    },
    {
      "module": "module.cluster_vnet",
      "mode": "managed",
      "type": "azurerm_role_definition",
      "name": "vnet",
      "provider": "provider[\"registry.terraform.io/hashicorp/azurerm\"]",
      "instances": [
        {
          "schema_version": 1,
          "attributes": {
            "assignable_scopes": [
              "/subscriptions/5b8acbac-8feb-4a3b-b11d-55d689283fec"
            ],
            "description": "Allow Anthos service to use and manage virtual network and role assignments",
            "id": "/subscriptions/5b8acbac-8feb-4a3b-b11d-55d689283fec/providers/Microsoft.Authorization/roleDefinitions/58992d74-fb70-eab7-07d3-305a8a8902a7|/subscriptions/5b8acbac-8feb-4a3b-b11d-55d689283fec",
            "name": "azure-cluster-rv-app-vnet-admin",
            "permissions": [
              {
                "actions": [
                  "*/read",
                  "Microsoft.Network/*/join/action",
                  "Microsoft.Authorization/roleAssignments/read",
                  "Microsoft.Authorization/roleAssignments/write",
                  "Microsoft.Authorization/roleAssignments/delete"
                ],
                "data_actions": null,
                "not_actions": [],
                "not_data_actions": null
              }
            ],
            "role_definition_id": "58992d74-fb70-eab7-07d3-305a8a8902a7",
            "role_definition_resource_id": "/subscriptions/5b8acbac-8feb-4a3b-b11d-55d689283fec/providers/Microsoft.Authorization/roleDefinitions/58992d74-fb70-eab7-07d3-305a8a8902a7",
            "scope": "/subscriptions/5b8acbac-8feb-4a3b-b11d-55d689283fec",
            "timeouts": null
          },
          "sensitive_attributes": [],
          "private": "eyJlMmJmYjczMC1lY2FhLTExZTYtOGY4OC0zNDM2M2JjN2M0YzAiOnsiY3JlYXRlIjoxODAwMDAwMDAwMDAwLCJkZWxldGUiOjE4MDAwMDAwMDAwMDAsInJlYWQiOjMwMDAwMDAwMDAwMCwidXBkYXRlIjoxODAwMDAwMDAwMDAwfSwic2NoZW1hX3ZlcnNpb24iOiIxIn0=",
          "dependencies": [
            "module.aad_app.azuread_application.aad_app",
            "module.aad_app.azuread_service_principal.aad_app",
            "module.aad_app.azurerm_role_assignment.contributor",
            "module.aad_app.azurerm_role_assignment.key_vaule_admin",
            "module.aad_app.azurerm_role_assignment.user_access_admin",
            "module.aad_app.data.azuread_client_config.current",
            "module.aad_app.data.azurerm_subscription.current",
            "module.cluster_vnet.data.azurerm_subscription.current",
            "random_string.suffix"
          ]
        }
      ]
    },
    {
      "module": "module.cluster_vnet",
      "mode": "managed",
      "type": "azurerm_subnet",
      "name": "default",
      "provider": "provider[\"registry.terraform.io/hashicorp/azurerm\"]",
      "instances": [
        {
          "schema_version": 0,
          "attributes": {
            "address_prefix": "10.0.1.0/24",
            "address_prefixes": [
              "10.0.1.0/24"
            ],
            "delegation": [],
            "enforce_private_link_endpoint_network_policies": false,
            "enforce_private_link_service_network_policies": false,
            "id": "/subscriptions/5b8acbac-8feb-4a3b-b11d-55d689283fec/resourceGroups/azure-cluster-rv-vnet-rg/providers/Microsoft.Network/virtualNetworks/azure-cluster-rv-vnet-rg/subnets/default",
            "name": "default",
            "resource_group_name": "azure-cluster-rv-vnet-rg",
            "service_endpoint_policy_ids": null,
            "service_endpoints": null,
            "timeouts": null,
            "virtual_network_name": "azure-cluster-rv-vnet-rg"
          },
          "sensitive_attributes": [],
          "private": "eyJlMmJmYjczMC1lY2FhLTExZTYtOGY4OC0zNDM2M2JjN2M0YzAiOnsiY3JlYXRlIjoxODAwMDAwMDAwMDAwLCJkZWxldGUiOjE4MDAwMDAwMDAwMDAsInJlYWQiOjMwMDAwMDAwMDAwMCwidXBkYXRlIjoxODAwMDAwMDAwMDAwfX0=",
          "dependencies": [
            "module.aad_app.azuread_application.aad_app",
            "module.aad_app.azuread_service_principal.aad_app",
            "module.aad_app.azurerm_role_assignment.contributor",
            "module.aad_app.azurerm_role_assignment.key_vaule_admin",
            "module.aad_app.azurerm_role_assignment.user_access_admin",
            "module.aad_app.data.azuread_client_config.current",
            "module.aad_app.data.azurerm_subscription.current",
            "module.cluster_vnet.azurerm_resource_group.vnet",
            "module.cluster_vnet.azurerm_virtual_network.vnet",
            "random_string.suffix"
          ]
        }
      ]
    },
    {
      "module": "module.cluster_vnet",
      "mode": "managed",
      "type": "azurerm_subnet_nat_gateway_association",
      "name": "default_subnet_nat_association",
      "provider": "provider[\"registry.terraform.io/hashicorp/azurerm\"]",
      "instances": [
        {
          "schema_version": 0,
          "attributes": {
            "id": "/subscriptions/5b8acbac-8feb-4a3b-b11d-55d689283fec/resourceGroups/azure-cluster-rv-vnet-rg/providers/Microsoft.Network/virtualNetworks/azure-cluster-rv-vnet-rg/subnets/default",
            "nat_gateway_id": "/subscriptions/5b8acbac-8feb-4a3b-b11d-55d689283fec/resourceGroups/azure-cluster-rv-vnet-rg/providers/Microsoft.Network/natGateways/azure-cluster-rv-vnet-rg-nat-gateway",
            "subnet_id": "/subscriptions/5b8acbac-8feb-4a3b-b11d-55d689283fec/resourceGroups/azure-cluster-rv-vnet-rg/providers/Microsoft.Network/virtualNetworks/azure-cluster-rv-vnet-rg/subnets/default",
            "timeouts": null
          },
          "sensitive_attributes": [],
          "private": "eyJlMmJmYjczMC1lY2FhLTExZTYtOGY4OC0zNDM2M2JjN2M0YzAiOnsiY3JlYXRlIjoxODAwMDAwMDAwMDAwLCJkZWxldGUiOjE4MDAwMDAwMDAwMDAsInJlYWQiOjMwMDAwMDAwMDAwMCwidXBkYXRlIjoxODAwMDAwMDAwMDAwfX0=",
          "dependencies": [
            "module.aad_app.azuread_application.aad_app",
            "module.aad_app.azuread_service_principal.aad_app",
            "module.aad_app.azurerm_role_assignment.contributor",
            "module.aad_app.azurerm_role_assignment.key_vaule_admin",
            "module.aad_app.azurerm_role_assignment.user_access_admin",
            "module.aad_app.data.azuread_client_config.current",
            "module.aad_app.data.azurerm_subscription.current",
            "module.cluster_vnet.azurerm_nat_gateway.nat_gateway",
            "module.cluster_vnet.azurerm_resource_group.vnet",
            "module.cluster_vnet.azurerm_subnet.default",
            "module.cluster_vnet.azurerm_virtual_network.vnet",
            "random_string.suffix"
          ]
        }
      ]
    },
    {
      "module": "module.cluster_vnet",
      "mode": "managed",
      "type": "azurerm_virtual_network",
      "name": "vnet",
      "provider": "provider[\"registry.terraform.io/hashicorp/azurerm\"]",
      "instances": [
        {
          "schema_version": 0,
          "attributes": {
            "address_space": [
              "10.0.0.0/16",
              "10.200.0.0/16"
            ],
            "bgp_community": "",
            "ddos_protection_plan": [],
            "dns_servers": null,
            "guid": "0c394532-53da-423b-99c0-56e4ae83159d",
            "id": "/subscriptions/5b8acbac-8feb-4a3b-b11d-55d689283fec/resourceGroups/azure-cluster-rv-vnet-rg/providers/Microsoft.Network/virtualNetworks/azure-cluster-rv-vnet-rg",
            "location": "eastasia",
            "name": "azure-cluster-rv-vnet-rg",
            "resource_group_name": "azure-cluster-rv-vnet-rg",
            "subnet": [],
            "tags": null,
            "timeouts": null,
            "vm_protection_enabled": false
          },
          "sensitive_attributes": [],
          "private": "eyJlMmJmYjczMC1lY2FhLTExZTYtOGY4OC0zNDM2M2JjN2M0YzAiOnsiY3JlYXRlIjoxODAwMDAwMDAwMDAwLCJkZWxldGUiOjE4MDAwMDAwMDAwMDAsInJlYWQiOjMwMDAwMDAwMDAwMCwidXBkYXRlIjoxODAwMDAwMDAwMDAwfX0=",
          "dependencies": [
            "module.aad_app.azuread_application.aad_app",
            "module.aad_app.azuread_service_principal.aad_app",
            "module.aad_app.azurerm_role_assignment.contributor",
            "module.aad_app.azurerm_role_assignment.key_vaule_admin",
            "module.aad_app.azurerm_role_assignment.user_access_admin",
            "module.aad_app.data.azuread_client_config.current",
            "module.aad_app.data.azurerm_subscription.current",
            "module.cluster_vnet.azurerm_resource_group.vnet",
            "random_string.suffix"
          ]
        }
      ]
    },
    {
      "module": "module.create_vars",
      "mode": "data",
      "type": "external",
      "name": "env_override",
      "provider": "provider[\"registry.terraform.io/hashicorp/external\"]",
      "instances": [
        {
          "index_key": 0,
          "schema_version": 0,
          "attributes": {
            "id": "-",
            "program": [
              ".terraform/modules/create_vars/scripts/check_env.sh"
            ],
            "query": {},
            "result": {
              "download": ""
            },
            "working_dir": null
          },
          "sensitive_attributes": []
        }
      ]
    },
    {
      "module": "module.create_vars",
      "mode": "managed",
      "type": "null_resource",
      "name": "module_depends_on",
      "provider": "provider[\"registry.terraform.io/hashicorp/null\"]",
      "instances": [
        {
          "index_key": 0,
          "schema_version": 0,
          "attributes": {
            "id": "6149034233154158557",
            "triggers": {
              "value": "1"
            }
          },
          "sensitive_attributes": [],
          "dependencies": [
            "module.aad_app.azuread_application.aad_app",
            "module.aad_app.azuread_service_principal.aad_app",
            "module.aad_app.azurerm_role_assignment.contributor",
            "module.aad_app.azurerm_role_assignment.key_vaule_admin",
            "module.aad_app.azurerm_role_assignment.user_access_admin",
            "module.aad_app.data.azuread_client_config.current",
            "module.aad_app.data.azurerm_subscription.current",
            "module.anthos_cluster.azuread_application_certificate.aad_app_azure_client_cert",
            "module.anthos_cluster.google_container_azure_cluster.this",
            "module.anthos_cluster.google_container_azure_node_pool.azure_node_pool",
            "module.anthos_cluster.module.azure_client.google_container_azure_client.this",
            "module.anthos_cluster.time_sleep.wait_for_aad_app_azure_client_cert",
            "module.cluster_rg.azurerm_resource_group.cluster",
            "module.cluster_rg.azurerm_role_assignment.aad_app_contributor",
            "module.cluster_rg.azurerm_role_assignment.aad_app_keyvault_admin",
            "module.cluster_rg.azurerm_role_assignment.aad_app_user_admin",
            "module.cluster_rg.data.azurerm_client_config.current",
            "module.cluster_rg.data.azurerm_subscription.current",
            "module.cluster_vnet.azurerm_nat_gateway.nat_gateway",
            "module.cluster_vnet.azurerm_nat_gateway_public_ip_association.nat_gateway",
            "module.cluster_vnet.azurerm_public_ip.nat_gateway_pip",
            "module.cluster_vnet.azurerm_resource_group.vnet",
            "module.cluster_vnet.azurerm_role_assignment.aad_app_vnet",
            "module.cluster_vnet.azurerm_role_assignment.this",
            "module.cluster_vnet.azurerm_role_definition.this",
            "module.cluster_vnet.azurerm_role_definition.vnet",
            "module.cluster_vnet.azurerm_subnet.default",
            "module.cluster_vnet.azurerm_subnet_nat_gateway_association.default_subnet_nat_association",
            "module.cluster_vnet.azurerm_virtual_network.vnet",
            "module.cluster_vnet.data.azurerm_subscription.current",
            "module.gcp_data.data.google_container_aws_versions.this",
            "module.gcp_data.data.google_project.project",
            "random_string.suffix",
            "tls_private_key.anthos_ssh_key"
          ]
        }
      ]
    },
    {
      "module": "module.create_vars",
      "mode": "managed",
      "type": "null_resource",
      "name": "run_command",
      "provider": "provider[\"registry.terraform.io/hashicorp/null\"]",
      "instances": [
        {
          "index_key": 0,
          "schema_version": 0,
          "attributes": {
            "id": "2427251555502808744",
            "triggers": {
              "arguments": "ab085ea275a6ebb1ccf4e46ba0a38afb",
              "create_cmd_body": "\"azure-cluster-rv\" \"asia-east2\" \"eastasia\" \"1.21.5-gke.2800\" \"ssh-rsa AAAAB3NzaC1yc2EAAAADAQABAAACAQDs+GKsruo9JUHRuktI3GQpMSJsQQ3EKpoNrGaN3b0kcN9WyhiyJD0WXxjKlHpcipkoHxMTDFk8T/yfJh87vIIvjoHBB8mnxNrWpW3A9bToD/PMQxkQkN7NzoMskZLqcOtyuJdKndCKkrvXBhRjj+5HlFQh+/4BbNiDffR/lVDTGTLm4OHmyUGFW4W57LIa+GESrw09xh2Pu2pWsDIejPx/0cInNgnyxUbZ2L4f3IVQi2BM0yqpetf1youbDxCQ6u7opa9tuXECXl1F5Se0ltkaJpVPV5r3DlcP9NYJf21gRhb1Wrm9tF32EpMtulCebuWUebugcBMh6FRv/HPF5MIKgHdU5wdouVnKPEtkeZR24MNV0HNHeUTC05jNEOvUI/WPxX21jdU5FAX0eJT1TK+3QdkRSMPsdgZ9D2QAL9PhdaM2tSTu7MK+/Q/sdrLuBPk6It8+jqZXSvG+0Fu24rYklfuafvUZM1OJUvmNj/0C8fcqm11VtDjHUFyuJuQOZ+WcPXyAuN3mQta+q205sx4MQOX4H1wXNPZ9CtoNAUg+Vwryh1olADYsGDj0ltwa5YENHzrR84wMnvwfVr2WXE7UeyrNqQlFNUqzGEwycaBTvmL6RgMpYgFPRR5wNidNjWbF5U3oonqeiMTm7COr8R60geN4sVNm5Ou79IbOKGdRvQ==\n\" \"/subscriptions/5b8acbac-8feb-4a3b-b11d-55d689283fec/resourceGroups/azure-cluster-rv-vnet-rg/providers/Microsoft.Network/virtualNetworks/azure-cluster-rv-vnet-rg/subnets/default\"",
              "create_cmd_entrypoint": "./modules/scripts/create_vars.sh",
              "gcloud_bin_abs_path": "/google-cloud-sdk/bin",
              "md5": "faa6c81f48406ac620d29062a5e11bdb"
            }
          },
          "sensitive_attributes": [],
          "dependencies": [
            "module.aad_app.azuread_application.aad_app",
            "module.aad_app.azuread_service_principal.aad_app",
            "module.aad_app.azurerm_role_assignment.contributor",
            "module.aad_app.azurerm_role_assignment.key_vaule_admin",
            "module.aad_app.azurerm_role_assignment.user_access_admin",
            "module.aad_app.data.azuread_client_config.current",
            "module.aad_app.data.azurerm_subscription.current",
            "module.anthos_cluster.azuread_application_certificate.aad_app_azure_client_cert",
            "module.anthos_cluster.google_container_azure_cluster.this",
            "module.anthos_cluster.google_container_azure_node_pool.azure_node_pool",
            "module.anthos_cluster.module.azure_client.google_container_azure_client.this",
            "module.anthos_cluster.time_sleep.wait_for_aad_app_azure_client_cert",
            "module.cluster_rg.azurerm_resource_group.cluster",
            "module.cluster_rg.azurerm_role_assignment.aad_app_contributor",
            "module.cluster_rg.azurerm_role_assignment.aad_app_keyvault_admin",
            "module.cluster_rg.azurerm_role_assignment.aad_app_user_admin",
            "module.cluster_rg.data.azurerm_client_config.current",
            "module.cluster_rg.data.azurerm_subscription.current",
            "module.cluster_vnet.azurerm_nat_gateway.nat_gateway",
            "module.cluster_vnet.azurerm_nat_gateway_public_ip_association.nat_gateway",
            "module.cluster_vnet.azurerm_public_ip.nat_gateway_pip",
            "module.cluster_vnet.azurerm_resource_group.vnet",
            "module.cluster_vnet.azurerm_role_assignment.aad_app_vnet",
            "module.cluster_vnet.azurerm_role_assignment.this",
            "module.cluster_vnet.azurerm_role_definition.this",
            "module.cluster_vnet.azurerm_role_definition.vnet",
            "module.cluster_vnet.azurerm_subnet.default",
            "module.cluster_vnet.azurerm_subnet_nat_gateway_association.default_subnet_nat_association",
            "module.cluster_vnet.azurerm_virtual_network.vnet",
            "module.cluster_vnet.data.azurerm_subscription.current",
            "module.create_vars.data.external.env_override",
            "module.create_vars.null_resource.additional_components",
            "module.create_vars.null_resource.decompress",
            "module.create_vars.null_resource.gcloud_auth_google_credentials",
            "module.create_vars.null_resource.gcloud_auth_service_account_key_file",
            "module.create_vars.null_resource.module_depends_on",
            "module.create_vars.random_id.cache",
            "module.gcp_data.data.google_container_aws_versions.this",
            "module.gcp_data.data.google_project.project",
            "random_string.suffix",
            "tls_private_key.anthos_ssh_key"
          ]
        }
      ]
    },
    {
      "module": "module.create_vars",
      "mode": "managed",
      "type": "null_resource",
      "name": "run_destroy_command",
      "provider": "provider[\"registry.terraform.io/hashicorp/null\"]",
      "instances": [
        {
          "index_key": 0,
          "schema_version": 0,
          "attributes": {
            "id": "7159856526567272073",
            "triggers": {
              "destroy_cmd_body": "info",
              "destroy_cmd_entrypoint": "gcloud",
              "gcloud_bin_abs_path": "/google-cloud-sdk/bin"
            }
          },
          "sensitive_attributes": [],
          "dependencies": [
            "module.aad_app.azuread_application.aad_app",
            "module.aad_app.azuread_service_principal.aad_app",
            "module.aad_app.azurerm_role_assignment.contributor",
            "module.aad_app.azurerm_role_assignment.key_vaule_admin",
            "module.aad_app.azurerm_role_assignment.user_access_admin",
            "module.aad_app.data.azuread_client_config.current",
            "module.aad_app.data.azurerm_subscription.current",
            "module.anthos_cluster.azuread_application_certificate.aad_app_azure_client_cert",
            "module.anthos_cluster.google_container_azure_cluster.this",
            "module.anthos_cluster.google_container_azure_node_pool.azure_node_pool",
            "module.anthos_cluster.module.azure_client.google_container_azure_client.this",
            "module.anthos_cluster.time_sleep.wait_for_aad_app_azure_client_cert",
            "module.cluster_rg.azurerm_resource_group.cluster",
            "module.cluster_rg.azurerm_role_assignment.aad_app_contributor",
            "module.cluster_rg.azurerm_role_assignment.aad_app_keyvault_admin",
            "module.cluster_rg.azurerm_role_assignment.aad_app_user_admin",
            "module.cluster_rg.data.azurerm_client_config.current",
            "module.cluster_rg.data.azurerm_subscription.current",
            "module.cluster_vnet.azurerm_nat_gateway.nat_gateway",
            "module.cluster_vnet.azurerm_nat_gateway_public_ip_association.nat_gateway",
            "module.cluster_vnet.azurerm_public_ip.nat_gateway_pip",
            "module.cluster_vnet.azurerm_resource_group.vnet",
            "module.cluster_vnet.azurerm_role_assignment.aad_app_vnet",
            "module.cluster_vnet.azurerm_role_assignment.this",
            "module.cluster_vnet.azurerm_role_definition.this",
            "module.cluster_vnet.azurerm_role_definition.vnet",
            "module.cluster_vnet.azurerm_subnet.default",
            "module.cluster_vnet.azurerm_subnet_nat_gateway_association.default_subnet_nat_association",
            "module.cluster_vnet.azurerm_virtual_network.vnet",
            "module.cluster_vnet.data.azurerm_subscription.current",
            "module.create_vars.data.external.env_override",
            "module.create_vars.null_resource.additional_components",
            "module.create_vars.null_resource.decompress",
            "module.create_vars.null_resource.gcloud_auth_google_credentials",
            "module.create_vars.null_resource.gcloud_auth_service_account_key_file",
            "module.create_vars.null_resource.module_depends_on",
            "module.create_vars.random_id.cache",
            "module.gcp_data.data.google_container_aws_versions.this",
            "module.gcp_data.data.google_project.project",
            "random_string.suffix",
            "tls_private_key.anthos_ssh_key"
          ]
        }
      ]
    },
    {
      "module": "module.gcp_data",
      "mode": "data",
      "type": "google_container_aws_versions",
      "name": "this",
      "provider": "provider[\"registry.terraform.io/hashicorp/google\"]",
      "instances": [
        {
          "schema_version": 0,
          "attributes": {
            "id": "2023-04-18 16:12:01.118292758 +0000 UTC",
            "location": "asia-east2",
            "project": "terraform-gcp-384015",
            "supported_regions": [
              "ap-east-1"
            ],
            "valid_versions": [
              "1.25.6-gke.1600",
              "1.25.5-gke.2000",
              "1.25.5-gke.1500",
              "1.25.4-gke.1300",
              "1.24.10-gke.1200",
              "1.24.9-gke.2000",
              "1.24.9-gke.1500",
              "1.24.8-gke.1300",
              "1.24.5-gke.200",
              "1.24.3-gke.2200",
              "1.24.3-gke.2100",
              "1.23.16-gke.2800",
              "1.23.16-gke.200",
              "1.23.14-gke.1800",
              "1.23.14-gke.1100",
              "1.23.11-gke.300",
              "1.23.9-gke.2200",
              "1.23.9-gke.2100",
              "1.23.9-gke.800",
              "1.23.8-gke.1700",
              "1.23.7-gke.1300",
              "1.22.15-gke.100",
              "1.22.12-gke.2300",
              "1.22.12-gke.1100",
              "1.22.12-gke.200",
              "1.22.10-gke.1500",
              "1.22.8-gke.2100",
              "1.22.8-gke.1300",
              "1.22.8-gke.200",
              "1.21.14-gke.2900",
              "1.21.14-gke.2100",
              "1.21.11-gke.1900",
              "1.21.11-gke.1800",
              "1.21.11-gke.1100",
              "1.21.11-gke.100",
              "1.21.6-gke.1500",
              "1.21.5-gke.2800"
            ]
          },
          "sensitive_attributes": []
        }
      ]
    },
    {
      "module": "module.gcp_data",
      "mode": "data",
      "type": "google_project",
      "name": "project",
      "provider": "provider[\"registry.terraform.io/hashicorp/google\"]",
      "instances": [
        {
          "schema_version": 0,
          "attributes": {
            "auto_create_network": null,
            "billing_account": null,
            "folder_id": null,
            "id": "projects/terraform-gcp-384015",
            "labels": {},
            "name": "terraform-gcp",
            "number": "138563747723",
            "org_id": null,
            "project_id": "terraform-gcp-384015",
            "skip_delete": null
          },
          "sensitive_attributes": []
        }
      ]
    }
  ],
  "check_results": null
}
