{
  "version": 4,
  "terraform_version": "1.4.5",
  "serial": 194,
  "lineage": "2a9afaca-db2d-9a21-3db2-6d702669bb4e",
  "outputs": {},
  "resources": [
    {
      "mode": "managed",
      "type": "random_string",
      "name": "suffix",
      "provider": "provider[\"registry.terraform.io/hashicorp/random\"]",
      "instances": [
        {
          "schema_version": 2,
          "attributes": {
            "id": "rv",
            "keepers": null,
            "length": 2,
            "lower": true,
            "min_lower": 2,
            "min_numeric": 0,
            "min_special": 0,
            "min_upper": 0,
            "number": true,
            "numeric": true,
            "override_special": null,
            "result": "rv",
            "special": false,
            "upper": true
          },
          "sensitive_attributes": []
        }
      ]
    },
    {
      "module": "module.aad_app",
      "mode": "data",
      "type": "azuread_client_config",
      "name": "current",
      "provider": "provider[\"registry.terraform.io/hashicorp/azuread\"]",
      "instances": [
        {
          "schema_version": 0,
          "attributes": {
            "client_id": "04b07795-8ddb-461a-bbee-02f9e1bf7b46",
            "id": "499f9014-8d5f-4c14-9bdd-89bbe8996bd4-04b07795-8ddb-461a-bbee-02f9e1bf7b46-6e4f4acf-7874-40be-8959-d7479383909d",
            "object_id": "6e4f4acf-7874-40be-8959-d7479383909d",
            "tenant_id": "499f9014-8d5f-4c14-9bdd-89bbe8996bd4",
            "timeouts": null
          },
          "sensitive_attributes": []
        }
      ]
    },
    {
      "module": "module.aad_app",
      "mode": "data",
      "type": "azurerm_subscription",
      "name": "current",
      "provider": "provider[\"registry.terraform.io/hashicorp/azurerm\"]",
      "instances": [
        {
          "schema_version": 0,
          "attributes": {
            "display_name": "Azure subscription 1",
            "id": "/subscriptions/5b8acbac-8feb-4a3b-b11d-55d689283fec",
            "location_placement_id": "Public_2014-09-01",
            "quota_id": "PayAsYouGo_2014-09-01",
            "spending_limit": "Off",
            "state": "Enabled",
            "subscription_id": "5b8acbac-8feb-4a3b-b11d-55d689283fec",
            "tags": {},
            "tenant_id": "499f9014-8d5f-4c14-9bdd-89bbe8996bd4",
            "timeouts": null
          },
          "sensitive_attributes": []
        }
      ]
    },
    {
      "module": "module.aad_app",
      "mode": "managed",
      "type": "azuread_application",
      "name": "aad_app",
      "provider": "provider[\"registry.terraform.io/hashicorp/azuread\"]",
      "instances": [
        {
          "schema_version": 1,
          "attributes": {
            "api": [
              {
                "known_client_applications": [],
                "mapped_claims_enabled": false,
                "oauth2_permission_scope": [],
                "requested_access_token_version": 1
              }
            ],
            "app_role": [],
            "app_role_ids": {},
            "application_id": "216fff81-b91a-4f97-8406-73ea80f824a2",
            "description": "",
            "device_only_auth_enabled": false,
            "disabled_by_microsoft": "\u003cnil\u003e",
            "display_name": "azure-cluster-rv-app",
            "fallback_public_client_enabled": false,
            "feature_tags": [
              {
                "custom_single_sign_on": false,
                "enterprise": false,
                "gallery": false,
                "hide": false
              }
            ],
            "group_membership_claims": [],
            "id": "c55d2f4a-fd81-4879-913b-9c9c289f239b",
            "identifier_uris": [],
            "logo_image": "",
            "logo_url": "",
            "marketing_url": "",
            "notes": "",
            "oauth2_permission_scope_ids": {},
            "oauth2_post_response_required": false,
            "object_id": "c55d2f4a-fd81-4879-913b-9c9c289f239b",
            "optional_claims": [
              {
                "access_token": [],
                "id_token": [],
                "saml2_token": []
              }
            ],
            "owners": [
              "6e4f4acf-7874-40be-8959-d7479383909d"
            ],
            "prevent_duplicate_names": false,
            "privacy_statement_url": "",
            "public_client": [
              {
                "redirect_uris": []
              }
            ],
            "publisher_domain": "plutowongdfh1gmail.onmicrosoft.com",
            "required_resource_access": [],
            "service_management_reference": "",
            "sign_in_audience": "AzureADMyOrg",
            "single_page_application": [
              {
                "redirect_uris": []
              }
            ],
            "support_url": "",
            "tags": [],
            "template_id": "",
            "terms_of_service_url": "",
            "timeouts": null,
            "web": [
              {
                "homepage_url": "",
                "implicit_grant": [
                  {
                    "access_token_issuance_enabled": false,
                    "id_token_issuance_enabled": false
                  }
                ],
                "logout_url": "",
                "redirect_uris": []
              }
            ]
          },
          "sensitive_attributes": [],
          "private": "eyJlMmJmYjczMC1lY2FhLTExZTYtOGY4OC0zNDM2M2JjN2M0YzAiOnsiY3JlYXRlIjo2MDAwMDAwMDAwMDAsImRlbGV0ZSI6MzAwMDAwMDAwMDAwLCJyZWFkIjozMDAwMDAwMDAwMDAsInVwZGF0ZSI6NjAwMDAwMDAwMDAwfSwic2NoZW1hX3ZlcnNpb24iOiIxIn0=",
          "dependencies": [
            "module.aad_app.data.azuread_client_config.current",
            "random_string.suffix"
          ]
        }
      ]
    },
    {
      "module": "module.aad_app",
      "mode": "managed",
      "type": "azuread_service_principal",
      "name": "aad_app",
      "provider": "provider[\"registry.terraform.io/hashicorp/azuread\"]",
      "instances": [
        {
          "schema_version": 0,
          "attributes": {
            "account_enabled": true,
            "alternative_names": [],
            "app_role_assignment_required": false,
            "app_role_ids": {},
            "app_roles": [],
            "application_id": "216fff81-b91a-4f97-8406-73ea80f824a2",
            "application_tenant_id": "499f9014-8d5f-4c14-9bdd-89bbe8996bd4",
            "description": "",
            "display_name": "azure-cluster-rv-app",
            "feature_tags": [
              {
                "custom_single_sign_on": false,
                "enterprise": false,
                "gallery": false,
                "hide": false
              }
            ],
            "features": [
              {
                "custom_single_sign_on_app": false,
                "enterprise_application": false,
                "gallery_application": false,
                "visible_to_users": true
              }
            ],
            "homepage_url": "",
            "id": "2a21b597-537f-4d38-bc43-5cadf1c8afea",
            "login_url": "",
            "logout_url": "",
            "notes": "",
            "notification_email_addresses": [],
            "oauth2_permission_scope_ids": {},
            "oauth2_permission_scopes": [],
            "object_id": "2a21b597-537f-4d38-bc43-5cadf1c8afea",
            "owners": [
              "6e4f4acf-7874-40be-8959-d7479383909d"
            ],
            "preferred_single_sign_on_mode": "",
            "redirect_uris": [],
            "saml_metadata_url": "",
            "saml_single_sign_on": [
              {
                "relay_state": ""
              }
            ],
            "service_principal_names": [],
            "sign_in_audience": "AzureADMyOrg",
            "tags": [],
            "timeouts": null,
            "type": "Application",
            "use_existing": null
          },
          "sensitive_attributes": [],
          "private": "eyJlMmJmYjczMC1lY2FhLTExZTYtOGY4OC0zNDM2M2JjN2M0YzAiOnsiY3JlYXRlIjo2MDAwMDAwMDAwMDAsImRlbGV0ZSI6MzAwMDAwMDAwMDAwLCJyZWFkIjozMDAwMDAwMDAwMDAsInVwZGF0ZSI6NjAwMDAwMDAwMDAwfX0=",
          "dependencies": [
            "module.aad_app.azuread_application.aad_app",
            "module.aad_app.data.azuread_client_config.current",
            "random_string.suffix"
          ]
        }
      ]
    },
    {
      "module": "module.aad_app",
      "mode": "managed",
      "type": "azurerm_role_assignment",
      "name": "contributor",
      "provider": "provider[\"registry.terraform.io/hashicorp/azurerm\"]",
      "instances": [
        {
          "schema_version": 0,
          "attributes": {
            "id": "/subscriptions/5b8acbac-8feb-4a3b-b11d-55d689283fec/providers/Microsoft.Authorization/roleAssignments/de3065f4-0431-cf83-702f-af485c790a95",
            "name": "de3065f4-0431-cf83-702f-af485c790a95",
            "principal_id": "2a21b597-537f-4d38-bc43-5cadf1c8afea",
            "principal_type": "ServicePrincipal",
            "role_definition_id": "/subscriptions/5b8acbac-8feb-4a3b-b11d-55d689283fec/providers/Microsoft.Authorization/roleDefinitions/b24988ac-6180-42a0-ab88-20f7382dd24c",
            "role_definition_name": "Contributor",
            "scope": "/subscriptions/5b8acbac-8feb-4a3b-b11d-55d689283fec",
            "skip_service_principal_aad_check": null,
            "timeouts": null
          },
          "sensitive_attributes": [],
          "private": "eyJlMmJmYjczMC1lY2FhLTExZTYtOGY4OC0zNDM2M2JjN2M0YzAiOnsiY3JlYXRlIjoxODAwMDAwMDAwMDAwLCJkZWxldGUiOjE4MDAwMDAwMDAwMDAsInJlYWQiOjMwMDAwMDAwMDAwMCwidXBkYXRlIjoxODAwMDAwMDAwMDAwfX0=",
          "dependencies": [
            "module.aad_app.azuread_application.aad_app",
            "module.aad_app.azuread_service_principal.aad_app",
            "module.aad_app.data.azuread_client_config.current",
            "module.aad_app.data.azurerm_subscription.current",
            "random_string.suffix"
          ]
        }
      ]
    },
    {
      "module": "module.aad_app",
      "mode": "managed",
      "type": "azurerm_role_assignment",
      "name": "key_vaule_admin",
      "provider": "provider[\"registry.terraform.io/hashicorp/azurerm\"]",
      "instances": [
        {
          "schema_version": 0,
          "attributes": {
            "id": "/subscriptions/5b8acbac-8feb-4a3b-b11d-55d689283fec/providers/Microsoft.Authorization/roleAssignments/2b61e798-2b8f-d5f5-5010-656ead4ca255",
            "name": "2b61e798-2b8f-d5f5-5010-656ead4ca255",
            "principal_id": "2a21b597-537f-4d38-bc43-5cadf1c8afea",
            "principal_type": "ServicePrincipal",
            "role_definition_id": "/subscriptions/5b8acbac-8feb-4a3b-b11d-55d689283fec/providers/Microsoft.Authorization/roleDefinitions/00482a5a-887f-4fb3-b363-3b7fe8e74483",
            "role_definition_name": "Key Vault Administrator",
            "scope": "/subscriptions/5b8acbac-8feb-4a3b-b11d-55d689283fec",
            "skip_service_principal_aad_check": null,
            "timeouts": null
          },
          "sensitive_attributes": [],
          "private": "eyJlMmJmYjczMC1lY2FhLTExZTYtOGY4OC0zNDM2M2JjN2M0YzAiOnsiY3JlYXRlIjoxODAwMDAwMDAwMDAwLCJkZWxldGUiOjE4MDAwMDAwMDAwMDAsInJlYWQiOjMwMDAwMDAwMDAwMCwidXBkYXRlIjoxODAwMDAwMDAwMDAwfX0=",
          "dependencies": [
            "module.aad_app.azuread_application.aad_app",
            "module.aad_app.azuread_service_principal.aad_app",
            "module.aad_app.data.azuread_client_config.current",
            "module.aad_app.data.azurerm_subscription.current",
            "random_string.suffix"
          ]
        }
      ]
    },
    {
      "module": "module.aad_app",
      "mode": "managed",
      "type": "azurerm_role_assignment",
      "name": "user_access_admin",
      "provider": "provider[\"registry.terraform.io/hashicorp/azurerm\"]",
      "instances": [
        {
          "schema_version": 0,
          "attributes": {
            "id": "/subscriptions/5b8acbac-8feb-4a3b-b11d-55d689283fec/providers/Microsoft.Authorization/roleAssignments/a07127d2-6405-1b7e-ce22-a4752d7e20e2",
            "name": "a07127d2-6405-1b7e-ce22-a4752d7e20e2",
            "principal_id": "2a21b597-537f-4d38-bc43-5cadf1c8afea",
            "principal_type": "ServicePrincipal",
            "role_definition_id": "/subscriptions/5b8acbac-8feb-4a3b-b11d-55d689283fec/providers/Microsoft.Authorization/roleDefinitions/18d7d88d-d35e-4fb5-a5c3-7773c20a72d9",
            "role_definition_name": "User Access Administrator",
            "scope": "/subscriptions/5b8acbac-8feb-4a3b-b11d-55d689283fec",
            "skip_service_principal_aad_check": null,
            "timeouts": null
          },
          "sensitive_attributes": [],
          "private": "eyJlMmJmYjczMC1lY2FhLTExZTYtOGY4OC0zNDM2M2JjN2M0YzAiOnsiY3JlYXRlIjoxODAwMDAwMDAwMDAwLCJkZWxldGUiOjE4MDAwMDAwMDAwMDAsInJlYWQiOjMwMDAwMDAwMDAwMCwidXBkYXRlIjoxODAwMDAwMDAwMDAwfX0=",
          "dependencies": [
            "module.aad_app.azuread_application.aad_app",
            "module.aad_app.azuread_service_principal.aad_app",
            "module.aad_app.data.azuread_client_config.current",
            "module.aad_app.data.azurerm_subscription.current",
            "random_string.suffix"
          ]
        }
      ]
    },
    {
      "module": "module.anthos_cluster",
      "mode": "managed",
      "type": "azuread_application_certificate",
      "name": "aad_app_azure_client_cert",
      "provider": "provider[\"registry.terraform.io/hashicorp/azuread\"]",
      "instances": [
        {
          "schema_version": 0,
          "attributes": {
            "application_object_id": "c55d2f4a-fd81-4879-913b-9c9c289f239b",
            "encoding": "pem",
            "end_date": "2024-04-17T16:13:31Z",
            "end_date_relative": "8760h",
            "id": "c55d2f4a-fd81-4879-913b-9c9c289f239b/certificate/14001075-c1f7-b7a1-180e-f2eb4eec832b",
            "key_id": "14001075-c1f7-b7a1-180e-f2eb4eec832b",
            "start_date": "2023-04-18T16:13:30Z",
            "timeouts": null,
            "type": "AsymmetricX509Cert",
            "value": "-----BEGIN CERTIFICATE-----\nMIIDXTCCAkWgAwIBAgIBADANBgkqhkiG9w0BAQsFADBgMV4wXAYDVQQDE1Vwcm9q\nZWN0cy8xMzg1NjM3NDc3MjMvbG9jYXRpb25zL2FzaWEtZWFzdDIvYXp1cmVDbGll\nbnRzL2F6dXJlLWNsdXN0ZXItcnYtYXp1cmUtY2xpZW50MCAXDTIzMDQxODE2MTMz\nMFoYDzIwNTMwNDEwMTYxMzMwWjBgMV4wXAYDVQQDE1Vwcm9qZWN0cy8xMzg1NjM3\nNDc3MjMvbG9jYXRpb25zL2FzaWEtZWFzdDIvYXp1cmVDbGllbnRzL2F6dXJlLWNs\ndXN0ZXItcnYtYXp1cmUtY2xpZW50MIIBIjANBgkqhkiG9w0BAQEFAAOCAQ8AMIIB\nCgKCAQEA3gFAHRKMQ6cQPZnGWVHaZRfDLhzHKVuWtEWLYkwDYO253TrHLad4fWU0\nQrekggT0wyvmy3EDOOqlpJVyx6k0bpab9EopkgmfkR2YOMOA9p06xZT9Rguw6Kri\n5Lead6v1NgMkDiCieyKz3pc4G2WbTibgsW42rbmyWib7uNumRGqmp4mcwTfcmIDx\nqpxcdQ856CjmPIIelVo7IDRJ6WA2ZXhE1kh3hvX54Xg+e05yH3PSKVBxMb38869V\njM9WIdBABWHWoC25E2sE9NvatSLeyO8/8cPdpAEQJsUf2ycMDwL3ozWRde21obaH\nMk57LgK6IcR3qT4DmetnZWNFTbBtRwIDAQABoyAwHjAOBgNVHQ8BAf8EBAMCBaAw\nDAYDVR0TAQH/BAIwADANBgkqhkiG9w0BAQsFAAOCAQEAZB0Qg+pMLRpR8CoVnqey\nZTl+Y6co9uc51C3KbPenbAAQm3WKWwFsNyLZrnvLtPKkucxsl6pQ63Sq/2ya6mH3\n8FSTmJ/I4/DCm93CLfj0z9xLI5gVDOdk6/hA9daEivzT0hyLaapCkpvDzIovOV+p\n1186yClWMzy5Zpka1b6otHFPdCrD3JgJ94mXwgvbIVkXtFGsgJVMf0KalOpesIpc\ndg/Q+4/qUB2jJp4O9ffw3vplg6yXdGkk3cylKnGgth//Gc/j4zcrhVOZ0lFdXPf2\ncD/E1R3apmhb2LOyxT33lxSgd/trVwLKihadEIocIOqpsCUR7DynGZ57H+2c2vmj\nQg==\n-----END CERTIFICATE-----\n"
          },
          "sensitive_attributes": [],
          "private": "eyJlMmJmYjczMC1lY2FhLTExZTYtOGY4OC0zNDM2M2JjN2M0YzAiOnsiY3JlYXRlIjozMDAwMDAwMDAwMDAsImRlbGV0ZSI6MzAwMDAwMDAwMDAwLCJyZWFkIjozMDAwMDAwMDAwMDAsInVwZGF0ZSI6MzAwMDAwMDAwMDAwfX0=",
          "dependencies": [
            "module.aad_app.azuread_application.aad_app",
            "module.aad_app.azuread_service_principal.aad_app",
            "module.aad_app.azurerm_role_assignment.contributor",
            "module.aad_app.azurerm_role_assignment.key_vaule_admin",
            "module.aad_app.azurerm_role_assignment.user_access_admin",
            "module.aad_app.data.azuread_client_config.current",
            "module.aad_app.data.azurerm_subscription.current",
            "module.anthos_cluster.module.azure_client.google_container_azure_client.this",
            "module.cluster_rg.azurerm_resource_group.cluster",
            "module.cluster_rg.azurerm_role_assignment.aad_app_contributor",
            "module.cluster_rg.azurerm_role_assignment.aad_app_keyvault_admin",
            "module.cluster_rg.azurerm_role_assignment.aad_app_user_admin",
            "module.cluster_rg.data.azurerm_client_config.current",
            "module.cluster_rg.data.azurerm_subscription.current",
            "module.cluster_vnet.azurerm_nat_gateway.nat_gateway",
            "module.cluster_vnet.azurerm_nat_gateway_public_ip_association.nat_gateway",
            "module.cluster_vnet.azurerm_public_ip.nat_gateway_pip",
            "module.cluster_vnet.azurerm_resource_group.vnet",
            "module.cluster_vnet.azurerm_role_assignment.aad_app_vnet",
            "module.cluster_vnet.azurerm_role_assignment.this",
            "module.cluster_vnet.azurerm_role_definition.this",
            "module.cluster_vnet.azurerm_role_definition.vnet",
            "module.cluster_vnet.azurerm_subnet.default",
            "module.cluster_vnet.azurerm_subnet_nat_gateway_association.default_subnet_nat_association",
            "module.cluster_vnet.azurerm_virtual_network.vnet",
            "module.cluster_vnet.data.azurerm_subscription.current",
            "random_string.suffix"
          ]
        }
      ]
    },
    {
      "module": "module.anthos_cluster.module.azure_client",
      "mode": "managed",
      "type": "google_container_azure_client",
      "name": "this",
      "provider": "provider[\"registry.terraform.io/hashicorp/google\"]",
      "instances": [
        {
          "schema_version": 0,
          "attributes": {
            "application_id": "216fff81-b91a-4f97-8406-73ea80f824a2",
            "certificate": "-----BEGIN CERTIFICATE-----\nMIIDXTCCAkWgAwIBAgIBADANBgkqhkiG9w0BAQsFADBgMV4wXAYDVQQDE1Vwcm9q\nZWN0cy8xMzg1NjM3NDc3MjMvbG9jYXRpb25zL2FzaWEtZWFzdDIvYXp1cmVDbGll\nbnRzL2F6dXJlLWNsdXN0ZXItcnYtYXp1cmUtY2xpZW50MCAXDTIzMDQxODE2MTMz\nMFoYDzIwNTMwNDEwMTYxMzMwWjBgMV4wXAYDVQQDE1Vwcm9qZWN0cy8xMzg1NjM3\nNDc3MjMvbG9jYXRpb25zL2FzaWEtZWFzdDIvYXp1cmVDbGllbnRzL2F6dXJlLWNs\ndXN0ZXItcnYtYXp1cmUtY2xpZW50MIIBIjANBgkqhkiG9w0BAQEFAAOCAQ8AMIIB\nCgKCAQEA3gFAHRKMQ6cQPZnGWVHaZRfDLhzHKVuWtEWLYkwDYO253TrHLad4fWU0\nQrekggT0wyvmy3EDOOqlpJVyx6k0bpab9EopkgmfkR2YOMOA9p06xZT9Rguw6Kri\n5Lead6v1NgMkDiCieyKz3pc4G2WbTibgsW42rbmyWib7uNumRGqmp4mcwTfcmIDx\nqpxcdQ856CjmPIIelVo7IDRJ6WA2ZXhE1kh3hvX54Xg+e05yH3PSKVBxMb38869V\njM9WIdBABWHWoC25E2sE9NvatSLeyO8/8cPdpAEQJsUf2ycMDwL3ozWRde21obaH\nMk57LgK6IcR3qT4DmetnZWNFTbBtRwIDAQABoyAwHjAOBgNVHQ8BAf8EBAMCBaAw\nDAYDVR0TAQH/BAIwADANBgkqhkiG9w0BAQsFAAOCAQEAZB0Qg+pMLRpR8CoVnqey\nZTl+Y6co9uc51C3KbPenbAAQm3WKWwFsNyLZrnvLtPKkucxsl6pQ63Sq/2ya6mH3\n8FSTmJ/I4/DCm93CLfj0z9xLI5gVDOdk6/hA9daEivzT0hyLaapCkpvDzIovOV+p\n1186yClWMzy5Zpka1b6otHFPdCrD3JgJ94mXwgvbIVkXtFGsgJVMf0KalOpesIpc\ndg/Q+4/qUB2jJp4O9ffw3vplg6yXdGkk3cylKnGgth//Gc/j4zcrhVOZ0lFdXPf2\ncD/E1R3apmhb2LOyxT33lxSgd/trVwLKihadEIocIOqpsCUR7DynGZ57H+2c2vmj\nQg==\n-----END CERTIFICATE-----\n",
            "create_time": "2023-04-18T16:13:31.015060Z",
            "id": "projects/terraform-gcp-384015/locations/asia-east2/azureClients/azure-cluster-rv-azure-client",
            "location": "asia-east2",
            "name": "azure-cluster-rv-azure-client",
            "project": "terraform-gcp-384015",
            "tenant_id": "499f9014-8d5f-4c14-9bdd-89bbe8996bd4",
            "timeouts": null,
            "uid": "e6fa93e2-a903-4807-b8ab-89b1b90e29aa"
          },
          "sensitive_attributes": [],
          "private": "eyJlMmJmYjczMC1lY2FhLTExZTYtOGY4OC0zNDM2M2JjN2M0YzAiOnsiY3JlYXRlIjoxMjAwMDAwMDAwMDAwLCJkZWxldGUiOjEyMDAwMDAwMDAwMDB9fQ==",
          "dependencies": [
            "module.aad_app.azuread_application.aad_app",
            "module.aad_app.azuread_service_principal.aad_app",
            "module.aad_app.azurerm_role_assignment.contributor",
            "module.aad_app.azurerm_role_assignment.key_vaule_admin",
            "module.aad_app.azurerm_role_assignment.user_access_admin",
            "module.aad_app.data.azuread_client_config.current",
            "module.aad_app.data.azurerm_subscription.current",
            "module.cluster_rg.azurerm_resource_group.cluster",
            "module.cluster_rg.azurerm_role_assignment.aad_app_contributor",
            "module.cluster_rg.azurerm_role_assignment.aad_app_keyvault_admin",
            "module.cluster_rg.azurerm_role_assignment.aad_app_user_admin",
            "module.cluster_rg.data.azurerm_client_config.current",
            "module.cluster_rg.data.azurerm_subscription.current",
            "module.cluster_vnet.azurerm_nat_gateway.nat_gateway",
            "module.cluster_vnet.azurerm_nat_gateway_public_ip_association.nat_gateway",
            "module.cluster_vnet.azurerm_public_ip.nat_gateway_pip",
            "module.cluster_vnet.azurerm_resource_group.vnet",
            "module.cluster_vnet.azurerm_role_assignment.aad_app_vnet",
            "module.cluster_vnet.azurerm_role_assignment.this",
            "module.cluster_vnet.azurerm_role_definition.this",
            "module.cluster_vnet.azurerm_role_definition.vnet",
            "module.cluster_vnet.azurerm_subnet.default",
            "module.cluster_vnet.azurerm_subnet_nat_gateway_association.default_subnet_nat_association",
            "module.cluster_vnet.azurerm_virtual_network.vnet",
            "module.cluster_vnet.data.azurerm_subscription.current",
            "random_string.suffix"
          ]
        }
      ]
    },
    {
      "module": "module.cluster_rg",
      "mode": "data",
      "type": "azurerm_client_config",
      "name": "current",
      "provider": "provider[\"registry.terraform.io/hashicorp/azurerm\"]",
      "instances": [
        {
          "schema_version": 0,
          "attributes": {
            "client_id": "04b07795-8ddb-461a-bbee-02f9e1bf7b46",
            "id": "2023-04-18 17:33:28.086368896 +0000 UTC",
            "object_id": "",
            "subscription_id": "5b8acbac-8feb-4a3b-b11d-55d689283fec",
            "tenant_id": "499f9014-8d5f-4c14-9bdd-89bbe8996bd4",
            "timeouts": null
          },
          "sensitive_attributes": []
        }
      ]
    },
    {
      "module": "module.cluster_rg",
      "mode": "data",
      "type": "azurerm_subscription",
      "name": "current",
      "provider": "provider[\"registry.terraform.io/hashicorp/azurerm\"]",
      "instances": [
        {
          "schema_version": 0,
          "attributes": {
            "display_name": "Azure subscription 1",
            "id": "/subscriptions/5b8acbac-8feb-4a3b-b11d-55d689283fec",
            "location_placement_id": "Public_2014-09-01",
            "quota_id": "PayAsYouGo_2014-09-01",
            "spending_limit": "Off",
            "state": "Enabled",
            "subscription_id": "5b8acbac-8feb-4a3b-b11d-55d689283fec",
            "tags": {},
            "tenant_id": "499f9014-8d5f-4c14-9bdd-89bbe8996bd4",
            "timeouts": null
          },
          "sensitive_attributes": []
        }
      ]
    },
    {
      "module": "module.cluster_rg",
      "mode": "managed",
      "type": "azurerm_resource_group",
      "name": "cluster",
      "provider": "provider[\"registry.terraform.io/hashicorp/azurerm\"]",
      "instances": [
        {
          "schema_version": 0,
          "attributes": {
            "id": "/subscriptions/5b8acbac-8feb-4a3b-b11d-55d689283fec/resourceGroups/azure-cluster-rv-rg",
            "location": "eastasia",
            "name": "azure-cluster-rv-rg",
            "tags": {},
            "timeouts": null
          },
          "sensitive_attributes": [],
          "private": "eyJlMmJmYjczMC1lY2FhLTExZTYtOGY4OC0zNDM2M2JjN2M0YzAiOnsiY3JlYXRlIjo1NDAwMDAwMDAwMDAwLCJkZWxldGUiOjU0MDAwMDAwMDAwMDAsInJlYWQiOjMwMDAwMDAwMDAwMCwidXBkYXRlIjo1NDAwMDAwMDAwMDAwfX0=",
          "dependencies": [
            "module.aad_app.azuread_application.aad_app",
            "module.aad_app.azuread_service_principal.aad_app",
            "module.aad_app.azurerm_role_assignment.contributor",
            "module.aad_app.azurerm_role_assignment.key_vaule_admin",
            "module.aad_app.azurerm_role_assignment.user_access_admin",
            "module.aad_app.data.azuread_client_config.current",
            "module.aad_app.data.azurerm_subscription.current",
            "random_string.suffix"
          ]
        }
      ]
    },
    {
      "module": "module.cluster_rg",
      "mode": "managed",
      "type": "azurerm_role_assignment",
      "name": "aad_app_contributor",
      "provider": "provider[\"registry.terraform.io/hashicorp/azurerm\"]",
      "instances": [
        {
          "schema_version": 0,
          "attributes": {
            "id": "/subscriptions/5b8acbac-8feb-4a3b-b11d-55d689283fec/resourceGroups/azure-cluster-rv-rg/providers/Microsoft.Authorization/roleAssignments/8a59bbb6-386d-ab33-b258-e486312c77ee",
            "name": "8a59bbb6-386d-ab33-b258-e486312c77ee",
            "principal_id": "2a21b597-537f-4d38-bc43-5cadf1c8afea",
            "principal_type": "ServicePrincipal",
            "role_definition_id": "/subscriptions/5b8acbac-8feb-4a3b-b11d-55d689283fec/providers/Microsoft.Authorization/roleDefinitions/b24988ac-6180-42a0-ab88-20f7382dd24c",
            "role_definition_name": "Contributor",
            "scope": "/subscriptions/5b8acbac-8feb-4a3b-b11d-55d689283fec/resourceGroups/azure-cluster-rv-rg",
            "skip_service_principal_aad_check": null,
            "timeouts": null
          },
          "sensitive_attributes": [],
          "private": "eyJlMmJmYjczMC1lY2FhLTExZTYtOGY4OC0zNDM2M2JjN2M0YzAiOnsiY3JlYXRlIjoxODAwMDAwMDAwMDAwLCJkZWxldGUiOjE4MDAwMDAwMDAwMDAsInJlYWQiOjMwMDAwMDAwMDAwMCwidXBkYXRlIjoxODAwMDAwMDAwMDAwfX0=",
          "dependencies": [
            "module.aad_app.azuread_application.aad_app",
            "module.aad_app.azuread_service_principal.aad_app",
            "module.aad_app.azurerm_role_assignment.contributor",
            "module.aad_app.azurerm_role_assignment.key_vaule_admin",
            "module.aad_app.azurerm_role_assignment.user_access_admin",
            "module.aad_app.data.azuread_client_config.current",
            "module.aad_app.data.azurerm_subscription.current",
            "module.cluster_rg.azurerm_resource_group.cluster",
            "random_string.suffix"
          ]
        }
      ]
    },
    {
      "module": "module.cluster_rg",
      "mode": "managed",
      "type": "azurerm_role_assignment",
      "name": "aad_app_keyvault_admin",
      "provider": "provider[\"registry.terraform.io/hashicorp/azurerm\"]",
      "instances": [
        {
          "schema_version": 0,
          "attributes": {
            "id": "/subscriptions/5b8acbac-8feb-4a3b-b11d-55d689283fec/resourceGroups/azure-cluster-rv-rg/providers/Microsoft.Authorization/roleAssignments/61482328-9b62-ecf4-9b4d-1be279772f5e",
            "name": "61482328-9b62-ecf4-9b4d-1be279772f5e",
            "principal_id": "2a21b597-537f-4d38-bc43-5cadf1c8afea",
            "principal_type": "ServicePrincipal",
            "role_definition_id": "/subscriptions/5b8acbac-8feb-4a3b-b11d-55d689283fec/providers/Microsoft.Authorization/roleDefinitions/00482a5a-887f-4fb3-b363-3b7fe8e74483",
            "role_definition_name": "Key Vault Administrator",
            "scope": "/subscriptions/5b8acbac-8feb-4a3b-b11d-55d689283fec/resourceGroups/azure-cluster-rv-rg",
            "skip_service_principal_aad_check": null,
            "timeouts": null
          },
          "sensitive_attributes": [],
          "private": "eyJlMmJmYjczMC1lY2FhLTExZTYtOGY4OC0zNDM2M2JjN2M0YzAiOnsiY3JlYXRlIjoxODAwMDAwMDAwMDAwLCJkZWxldGUiOjE4MDAwMDAwMDAwMDAsInJlYWQiOjMwMDAwMDAwMDAwMCwidXBkYXRlIjoxODAwMDAwMDAwMDAwfX0=",
          "dependencies": [
            "module.aad_app.azuread_application.aad_app",
            "module.aad_app.azuread_service_principal.aad_app",
            "module.aad_app.azurerm_role_assignment.contributor",
            "module.aad_app.azurerm_role_assignment.key_vaule_admin",
            "module.aad_app.azurerm_role_assignment.user_access_admin",
            "module.aad_app.data.azuread_client_config.current",
            "module.aad_app.data.azurerm_subscription.current",
            "module.cluster_rg.azurerm_resource_group.cluster",
            "random_string.suffix"
          ]
        }
      ]
    },
    {
      "module": "module.cluster_rg",
      "mode": "managed",
      "type": "azurerm_role_assignment",
      "name": "aad_app_user_admin",
      "provider": "provider[\"registry.terraform.io/hashicorp/azurerm\"]",
      "instances": [
        {
          "schema_version": 0,
          "attributes": {
            "id": "/subscriptions/5b8acbac-8feb-4a3b-b11d-55d689283fec/resourceGroups/azure-cluster-rv-rg/providers/Microsoft.Authorization/roleAssignments/c9617dde-9af7-988e-3860-4e02d1589d3a",
            "name": "c9617dde-9af7-988e-3860-4e02d1589d3a",
            "principal_id": "2a21b597-537f-4d38-bc43-5cadf1c8afea",
            "principal_type": "ServicePrincipal",
            "role_definition_id": "/subscriptions/5b8acbac-8feb-4a3b-b11d-55d689283fec/providers/Microsoft.Authorization/roleDefinitions/18d7d88d-d35e-4fb5-a5c3-7773c20a72d9",
            "role_definition_name": "User Access Administrator",
            "scope": "/subscriptions/5b8acbac-8feb-4a3b-b11d-55d689283fec/resourceGroups/azure-cluster-rv-rg",
            "skip_service_principal_aad_check": null,
            "timeouts": null
          },
          "sensitive_attributes": [],
          "private": "eyJlMmJmYjczMC1lY2FhLTExZTYtOGY4OC0zNDM2M2JjN2M0YzAiOnsiY3JlYXRlIjoxODAwMDAwMDAwMDAwLCJkZWxldGUiOjE4MDAwMDAwMDAwMDAsInJlYWQiOjMwMDAwMDAwMDAwMCwidXBkYXRlIjoxODAwMDAwMDAwMDAwfX0=",
          "dependencies": [
            "module.aad_app.azuread_application.aad_app",
            "module.aad_app.azuread_service_principal.aad_app",
            "module.aad_app.azurerm_role_assignment.contributor",
            "module.aad_app.azurerm_role_assignment.key_vaule_admin",
            "module.aad_app.azurerm_role_assignment.user_access_admin",
            "module.aad_app.data.azuread_client_config.current",
            "module.aad_app.data.azurerm_subscription.current",
            "module.cluster_rg.azurerm_resource_group.cluster",
            "random_string.suffix"
          ]
        }
      ]
    },
    {
      "module": "module.cluster_vnet",
      "mode": "data",
      "type": "azurerm_subscription",
      "name": "current",
      "provider": "provider[\"registry.terraform.io/hashicorp/azurerm\"]",
      "instances": [
        {
          "schema_version": 0,
          "attributes": {
            "display_name": "Azure subscription 1",
            "id": "/subscriptions/5b8acbac-8feb-4a3b-b11d-55d689283fec",
            "location_placement_id": "Public_2014-09-01",
            "quota_id": "PayAsYouGo_2014-09-01",
            "spending_limit": "Off",
            "state": "Enabled",
            "subscription_id": "5b8acbac-8feb-4a3b-b11d-55d689283fec",
            "tags": {},
            "tenant_id": "499f9014-8d5f-4c14-9bdd-89bbe8996bd4",
            "timeouts": null
          },
          "sensitive_attributes": []
        }
      ]
    },
    {
      "module": "module.cluster_vnet",
      "mode": "managed",
      "type": "azurerm_nat_gateway",
      "name": "nat_gateway",
      "provider": "provider[\"registry.terraform.io/hashicorp/azurerm\"]",
      "instances": [
        {
          "schema_version": 0,
          "attributes": {
            "id": "/subscriptions/5b8acbac-8feb-4a3b-b11d-55d689283fec/resourceGroups/azure-cluster-rv-vnet-rg/providers/Microsoft.Network/natGateways/azure-cluster-rv-vnet-rg-nat-gateway",
            "idle_timeout_in_minutes": 10,
            "location": "eastasia",
            "name": "azure-cluster-rv-vnet-rg-nat-gateway",
            "public_ip_address_ids": [
              "/subscriptions/5b8acbac-8feb-4a3b-b11d-55d689283fec/resourceGroups/azure-cluster-rv-vnet-rg/providers/Microsoft.Network/publicIPAddresses/azure-cluster-rv-vnet-rg-nat-ip"
            ],
            "public_ip_prefix_ids": [],
            "resource_group_name": "azure-cluster-rv-vnet-rg",
            "resource_guid": "63da0670-c3f1-44fe-aa1b-f3e5443d2948",
            "sku_name": "Standard",
            "tags": {},
            "timeouts": null,
            "zones": []
          },
          "sensitive_attributes": [],
          "private": "eyJlMmJmYjczMC1lY2FhLTExZTYtOGY4OC0zNDM2M2JjN2M0YzAiOnsiY3JlYXRlIjozNjAwMDAwMDAwMDAwLCJkZWxldGUiOjM2MDAwMDAwMDAwMDAsInJlYWQiOjMwMDAwMDAwMDAwMCwidXBkYXRlIjozNjAwMDAwMDAwMDAwfX0=",
          "dependencies": [
            "module.aad_app.azuread_application.aad_app",
            "module.aad_app.azuread_service_principal.aad_app",
            "module.aad_app.azurerm_role_assignment.contributor",
            "module.aad_app.azurerm_role_assignment.key_vaule_admin",
            "module.aad_app.azurerm_role_assignment.user_access_admin",
            "module.aad_app.data.azuread_client_config.current",
            "module.aad_app.data.azurerm_subscription.current",
            "module.cluster_vnet.azurerm_resource_group.vnet",
            "random_string.suffix"
          ]
        }
      ]
    },
    {
      "module": "module.cluster_vnet",
      "mode": "managed",
      "type": "azurerm_nat_gateway_public_ip_association",
      "name": "nat_gateway",
      "provider": "provider[\"registry.terraform.io/hashicorp/azurerm\"]",
      "instances": [
        {
          "schema_version": 0,
          "attributes": {
            "id": "/subscriptions/5b8acbac-8feb-4a3b-b11d-55d689283fec/resourceGroups/azure-cluster-rv-vnet-rg/providers/Microsoft.Network/natGateways/azure-cluster-rv-vnet-rg-nat-gateway|/subscriptions/5b8acbac-8feb-4a3b-b11d-55d689283fec/resourceGroups/azure-cluster-rv-vnet-rg/providers/Microsoft.Network/publicIPAddresses/azure-cluster-rv-vnet-rg-nat-ip",
            "nat_gateway_id": "/subscriptions/5b8acbac-8feb-4a3b-b11d-55d689283fec/resourceGroups/azure-cluster-rv-vnet-rg/providers/Microsoft.Network/natGateways/azure-cluster-rv-vnet-rg-nat-gateway",
            "public_ip_address_id": "/subscriptions/5b8acbac-8feb-4a3b-b11d-55d689283fec/resourceGroups/azure-cluster-rv-vnet-rg/providers/Microsoft.Network/publicIPAddresses/azure-cluster-rv-vnet-rg-nat-ip",
            "timeouts": null
          },
          "sensitive_attributes": [],
          "private": "eyJlMmJmYjczMC1lY2FhLTExZTYtOGY4OC0zNDM2M2JjN2M0YzAiOnsiY3JlYXRlIjoxODAwMDAwMDAwMDAwLCJkZWxldGUiOjE4MDAwMDAwMDAwMDAsInJlYWQiOjMwMDAwMDAwMDAwMH19",
          "dependencies": [
            "module.aad_app.azuread_application.aad_app",
            "module.aad_app.azuread_service_principal.aad_app",
            "module.aad_app.azurerm_role_assignment.contributor",
            "module.aad_app.azurerm_role_assignment.key_vaule_admin",
            "module.aad_app.azurerm_role_assignment.user_access_admin",
            "module.aad_app.data.azuread_client_config.current",
            "module.aad_app.data.azurerm_subscription.current",
            "module.cluster_vnet.azurerm_nat_gateway.nat_gateway",
            "module.cluster_vnet.azurerm_public_ip.nat_gateway_pip",
            "module.cluster_vnet.azurerm_resource_group.vnet",
            "random_string.suffix"
          ]
        }
      ]
    },
    {
      "module": "module.cluster_vnet",
      "mode": "managed",
      "type": "azurerm_public_ip",
      "name": "nat_gateway_pip",
      "provider": "provider[\"registry.terraform.io/hashicorp/azurerm\"]",
      "instances": [
        {
          "schema_version": 0,
          "attributes": {
            "allocation_method": "Static",
            "domain_name_label": null,
            "fqdn": null,
            "id": "/subscriptions/5b8acbac-8feb-4a3b-b11d-55d689283fec/resourceGroups/azure-cluster-rv-vnet-rg/providers/Microsoft.Network/publicIPAddresses/azure-cluster-rv-vnet-rg-nat-ip",
            "idle_timeout_in_minutes": 4,
            "ip_address": "20.24.105.248",
            "ip_version": "IPv4",
            "location": "eastasia",
            "name": "azure-cluster-rv-vnet-rg-nat-ip",
            "public_ip_prefix_id": null,
            "resource_group_name": "azure-cluster-rv-vnet-rg",
            "reverse_fqdn": null,
            "sku": "Standard",
            "tags": {},
            "timeouts": null,
            "zones": []
          },
          "sensitive_attributes": [],
          "private": "eyJlMmJmYjczMC1lY2FhLTExZTYtOGY4OC0zNDM2M2JjN2M0YzAiOnsiY3JlYXRlIjoxODAwMDAwMDAwMDAwLCJkZWxldGUiOjE4MDAwMDAwMDAwMDAsInJlYWQiOjMwMDAwMDAwMDAwMCwidXBkYXRlIjoxODAwMDAwMDAwMDAwfX0=",
          "dependencies": [
            "module.aad_app.azuread_application.aad_app",
            "module.aad_app.azuread_service_principal.aad_app",
            "module.aad_app.azurerm_role_assignment.contributor",
            "module.aad_app.azurerm_role_assignment.key_vaule_admin",
            "module.aad_app.azurerm_role_assignment.user_access_admin",
            "module.aad_app.data.azuread_client_config.current",
            "module.aad_app.data.azurerm_subscription.current",
            "module.cluster_vnet.azurerm_resource_group.vnet",
            "random_string.suffix"
          ]
        }
      ]
    },
    {
      "module": "module.cluster_vnet",
      "mode": "managed",
      "type": "azurerm_resource_group",
      "name": "vnet",
      "provider": "provider[\"registry.terraform.io/hashicorp/azurerm\"]",
      "instances": [
        {
          "schema_version": 0,
          "attributes": {
            "id": "/subscriptions/5b8acbac-8feb-4a3b-b11d-55d689283fec/resourceGroups/azure-cluster-rv-vnet-rg",
            "location": "eastasia",
            "name": "azure-cluster-rv-vnet-rg",
            "tags": {},
            "timeouts": null
          },
          "sensitive_attributes": [],
          "private": "eyJlMmJmYjczMC1lY2FhLTExZTYtOGY4OC0zNDM2M2JjN2M0YzAiOnsiY3JlYXRlIjo1NDAwMDAwMDAwMDAwLCJkZWxldGUiOjU0MDAwMDAwMDAwMDAsInJlYWQiOjMwMDAwMDAwMDAwMCwidXBkYXRlIjo1NDAwMDAwMDAwMDAwfX0=",
          "dependencies": [
            "module.aad_app.azuread_application.aad_app",
            "module.aad_app.azuread_service_principal.aad_app",
            "module.aad_app.azurerm_role_assignment.contributor",
            "module.aad_app.azurerm_role_assignment.key_vaule_admin",
            "module.aad_app.azurerm_role_assignment.user_access_admin",
            "module.aad_app.data.azuread_client_config.current",
            "module.aad_app.data.azurerm_subscription.current",
            "random_string.suffix"
          ]
        }
      ]
    },
    {
      "module": "module.cluster_vnet",
      "mode": "managed",
      "type": "azurerm_role_assignment",
      "name": "aad_app_vnet",
      "provider": "provider[\"registry.terraform.io/hashicorp/azurerm\"]",
      "instances": [
        {
          "schema_version": 0,
          "attributes": {
            "id": "/subscriptions/5b8acbac-8feb-4a3b-b11d-55d689283fec/resourceGroups/azure-cluster-rv-vnet-rg/providers/Microsoft.Network/virtualNetworks/azure-cluster-rv-vnet-rg/providers/Microsoft.Authorization/roleAssignments/96138d18-47c5-73ea-9c24-6de100c2d395",
            "name": "96138d18-47c5-73ea-9c24-6de100c2d395",
            "principal_id": "2a21b597-537f-4d38-bc43-5cadf1c8afea",
            "principal_type": "ServicePrincipal",
            "role_definition_id": "/subscriptions/5b8acbac-8feb-4a3b-b11d-55d689283fec/providers/Microsoft.Authorization/roleDefinitions/58992d74-fb70-eab7-07d3-305a8a8902a7",
            "role_definition_name": "azure-cluster-rv-app-vnet-admin",
            "scope": "/subscriptions/5b8acbac-8feb-4a3b-b11d-55d689283fec/resourceGroups/azure-cluster-rv-vnet-rg/providers/Microsoft.Network/virtualNetworks/azure-cluster-rv-vnet-rg",
            "skip_service_principal_aad_check": null,
            "timeouts": null
          },
          "sensitive_attributes": [],
          "private": "eyJlMmJmYjczMC1lY2FhLTExZTYtOGY4OC0zNDM2M2JjN2M0YzAiOnsiY3JlYXRlIjoxODAwMDAwMDAwMDAwLCJkZWxldGUiOjE4MDAwMDAwMDAwMDAsInJlYWQiOjMwMDAwMDAwMDAwMCwidXBkYXRlIjoxODAwMDAwMDAwMDAwfX0=",
          "dependencies": [
            "module.aad_app.azuread_application.aad_app",
            "module.aad_app.azuread_service_principal.aad_app",
            "module.aad_app.azurerm_role_assignment.contributor",
            "module.aad_app.azurerm_role_assignment.key_vaule_admin",
            "module.aad_app.azurerm_role_assignment.user_access_admin",
            "module.aad_app.data.azuread_client_config.current",
            "module.aad_app.data.azurerm_subscription.current",
            "module.cluster_vnet.azurerm_resource_group.vnet",
            "module.cluster_vnet.azurerm_role_definition.vnet",
            "module.cluster_vnet.azurerm_virtual_network.vnet",
            "module.cluster_vnet.data.azurerm_subscription.current",
            "random_string.suffix"
          ]
        }
      ]
    },
    {
      "module": "module.cluster_vnet",
      "mode": "managed",
      "type": "azurerm_role_assignment",
      "name": "this",
      "provider": "provider[\"registry.terraform.io/hashicorp/azurerm\"]",
      "instances": [
        {
          "schema_version": 0,
          "attributes": {
            "id": "/subscriptions/5b8acbac-8feb-4a3b-b11d-55d689283fec/resourceGroups/azure-cluster-rv-vnet-rg/providers/Microsoft.Authorization/roleAssignments/2f46c164-dbb9-c45a-264d-0daa2ffc61c5",
            "name": "2f46c164-dbb9-c45a-264d-0daa2ffc61c5",
            "principal_id": "2a21b597-537f-4d38-bc43-5cadf1c8afea",
            "principal_type": "ServicePrincipal",
            "role_definition_id": "/subscriptions/5b8acbac-8feb-4a3b-b11d-55d689283fec/providers/Microsoft.Authorization/roleDefinitions/3c74ed74-cb64-1cfe-cb7f-7cdf883caaf4",
            "role_definition_name": "azure-cluster-rv-app-role-admin",
            "scope": "/subscriptions/5b8acbac-8feb-4a3b-b11d-55d689283fec/resourceGroups/azure-cluster-rv-vnet-rg",
            "skip_service_principal_aad_check": null,
            "timeouts": null
          },
          "sensitive_attributes": [],
          "private": "eyJlMmJmYjczMC1lY2FhLTExZTYtOGY4OC0zNDM2M2JjN2M0YzAiOnsiY3JlYXRlIjoxODAwMDAwMDAwMDAwLCJkZWxldGUiOjE4MDAwMDAwMDAwMDAsInJlYWQiOjMwMDAwMDAwMDAwMCwidXBkYXRlIjoxODAwMDAwMDAwMDAwfX0=",
          "dependencies": [
            "module.aad_app.azuread_application.aad_app",
            "module.aad_app.azuread_service_principal.aad_app",
            "module.aad_app.azurerm_role_assignment.contributor",
            "module.aad_app.azurerm_role_assignment.key_vaule_admin",
            "module.aad_app.azurerm_role_assignment.user_access_admin",
            "module.aad_app.data.azuread_client_config.current",
            "module.aad_app.data.azurerm_subscription.current",
            "module.cluster_vnet.azurerm_resource_group.vnet",
            "module.cluster_vnet.azurerm_role_definition.this",
            "module.cluster_vnet.data.azurerm_subscription.current",
            "random_string.suffix"
          ]
        }
      ]
    },
    {
      "module": "module.cluster_vnet",
      "mode": "managed",
      "type": "azurerm_role_definition",
      "name": "this",
      "provider": "provider[\"registry.terraform.io/hashicorp/azurerm\"]",
      "instances": [
        {
          "schema_version": 1,
          "attributes": {
            "assignable_scopes": [
              "/subscriptions/5b8acbac-8feb-4a3b-b11d-55d689283fec"
            ],
            "description": "Allow Anthos service to manage role definitions.",
            "id": "/subscriptions/5b8acbac-8feb-4a3b-b11d-55d689283fec/providers/Microsoft.Authorization/roleDefinitions/3c74ed74-cb64-1cfe-cb7f-7cdf883caaf4|/subscriptions/5b8acbac-8feb-4a3b-b11d-55d689283fec",
            "name": "azure-cluster-rv-app-role-admin",
            "permissions": [
              {
                "actions": [
                  "Microsoft.Authorization/roleDefinitions/read",
                  "Microsoft.Authorization/roleDefinitions/write",
                  "Microsoft.Authorization/roleDefinitions/delete"
                ],
                "data_actions": [],
                "not_actions": [],
                "not_data_actions": []
              }
            ],
            "role_definition_id": "3c74ed74-cb64-1cfe-cb7f-7cdf883caaf4",
            "role_definition_resource_id": "/subscriptions/5b8acbac-8feb-4a3b-b11d-55d689283fec/providers/Microsoft.Authorization/roleDefinitions/3c74ed74-cb64-1cfe-cb7f-7cdf883caaf4",
            "scope": "/subscriptions/5b8acbac-8feb-4a3b-b11d-55d689283fec",
            "timeouts": null
          },
          "sensitive_attributes": [],
          "private": "eyJlMmJmYjczMC1lY2FhLTExZTYtOGY4OC0zNDM2M2JjN2M0YzAiOnsiY3JlYXRlIjoxODAwMDAwMDAwMDAwLCJkZWxldGUiOjE4MDAwMDAwMDAwMDAsInJlYWQiOjMwMDAwMDAwMDAwMCwidXBkYXRlIjoxODAwMDAwMDAwMDAwfSwic2NoZW1hX3ZlcnNpb24iOiIxIn0=",
          "dependencies": [
            "module.aad_app.azuread_application.aad_app",
            "module.aad_app.azuread_service_principal.aad_app",
            "module.aad_app.azurerm_role_assignment.contributor",
            "module.aad_app.azurerm_role_assignment.key_vaule_admin",
            "module.aad_app.azurerm_role_assignment.user_access_admin",
            "module.aad_app.data.azuread_client_config.current",
            "module.aad_app.data.azurerm_subscription.current",
            "module.cluster_vnet.data.azurerm_subscription.current",
            "random_string.suffix"
          ]
        }
      ]
    },
    {
      "module": "module.cluster_vnet",
      "mode": "managed",
      "type": "azurerm_role_definition",
      "name": "vnet",
      "provider": "provider[\"registry.terraform.io/hashicorp/azurerm\"]",
      "instances": [
        {
          "schema_version": 1,
          "attributes": {
            "assignable_scopes": [
              "/subscriptions/5b8acbac-8feb-4a3b-b11d-55d689283fec"
            ],
            "description": "Allow Anthos service to use and manage virtual network and role assignments",
            "id": "/subscriptions/5b8acbac-8feb-4a3b-b11d-55d689283fec/providers/Microsoft.Authorization/roleDefinitions/58992d74-fb70-eab7-07d3-305a8a8902a7|/subscriptions/5b8acbac-8feb-4a3b-b11d-55d689283fec",
            "name": "azure-cluster-rv-app-vnet-admin",
            "permissions": [
              {
                "actions": [
                  "*/read",
                  "Microsoft.Network/*/join/action",
                  "Microsoft.Authorization/roleAssignments/read",
                  "Microsoft.Authorization/roleAssignments/write",
                  "Microsoft.Authorization/roleAssignments/delete"
                ],
                "data_actions": [],
                "not_actions": [],
                "not_data_actions": []
              }
            ],
            "role_definition_id": "58992d74-fb70-eab7-07d3-305a8a8902a7",
            "role_definition_resource_id": "/subscriptions/5b8acbac-8feb-4a3b-b11d-55d689283fec/providers/Microsoft.Authorization/roleDefinitions/58992d74-fb70-eab7-07d3-305a8a8902a7",
            "scope": "/subscriptions/5b8acbac-8feb-4a3b-b11d-55d689283fec",
            "timeouts": null
          },
          "sensitive_attributes": [],
          "private": "eyJlMmJmYjczMC1lY2FhLTExZTYtOGY4OC0zNDM2M2JjN2M0YzAiOnsiY3JlYXRlIjoxODAwMDAwMDAwMDAwLCJkZWxldGUiOjE4MDAwMDAwMDAwMDAsInJlYWQiOjMwMDAwMDAwMDAwMCwidXBkYXRlIjoxODAwMDAwMDAwMDAwfSwic2NoZW1hX3ZlcnNpb24iOiIxIn0=",
          "dependencies": [
            "module.aad_app.azuread_application.aad_app",
            "module.aad_app.azuread_service_principal.aad_app",
            "module.aad_app.azurerm_role_assignment.contributor",
            "module.aad_app.azurerm_role_assignment.key_vaule_admin",
            "module.aad_app.azurerm_role_assignment.user_access_admin",
            "module.aad_app.data.azuread_client_config.current",
            "module.aad_app.data.azurerm_subscription.current",
            "module.cluster_vnet.data.azurerm_subscription.current",
            "random_string.suffix"
          ]
        }
      ]
    },
    {
      "module": "module.cluster_vnet",
      "mode": "managed",
      "type": "azurerm_subnet",
      "name": "default",
      "provider": "provider[\"registry.terraform.io/hashicorp/azurerm\"]",
      "instances": [
        {
          "schema_version": 0,
          "attributes": {
            "address_prefix": "10.0.1.0/24",
            "address_prefixes": [
              "10.0.1.0/24"
            ],
            "delegation": [],
            "enforce_private_link_endpoint_network_policies": false,
            "enforce_private_link_service_network_policies": false,
            "id": "/subscriptions/5b8acbac-8feb-4a3b-b11d-55d689283fec/resourceGroups/azure-cluster-rv-vnet-rg/providers/Microsoft.Network/virtualNetworks/azure-cluster-rv-vnet-rg/subnets/default",
            "name": "default",
            "resource_group_name": "azure-cluster-rv-vnet-rg",
            "service_endpoint_policy_ids": [],
            "service_endpoints": [],
            "timeouts": null,
            "virtual_network_name": "azure-cluster-rv-vnet-rg"
          },
          "sensitive_attributes": [],
          "private": "eyJlMmJmYjczMC1lY2FhLTExZTYtOGY4OC0zNDM2M2JjN2M0YzAiOnsiY3JlYXRlIjoxODAwMDAwMDAwMDAwLCJkZWxldGUiOjE4MDAwMDAwMDAwMDAsInJlYWQiOjMwMDAwMDAwMDAwMCwidXBkYXRlIjoxODAwMDAwMDAwMDAwfX0=",
          "dependencies": [
            "module.aad_app.azuread_application.aad_app",
            "module.aad_app.azuread_service_principal.aad_app",
            "module.aad_app.azurerm_role_assignment.contributor",
            "module.aad_app.azurerm_role_assignment.key_vaule_admin",
            "module.aad_app.azurerm_role_assignment.user_access_admin",
            "module.aad_app.data.azuread_client_config.current",
            "module.aad_app.data.azurerm_subscription.current",
            "module.cluster_vnet.azurerm_resource_group.vnet",
            "module.cluster_vnet.azurerm_virtual_network.vnet",
            "random_string.suffix"
          ]
        }
      ]
    },
    {
      "module": "module.cluster_vnet",
      "mode": "managed",
      "type": "azurerm_subnet_nat_gateway_association",
      "name": "default_subnet_nat_association",
      "provider": "provider[\"registry.terraform.io/hashicorp/azurerm\"]",
      "instances": [
        {
          "schema_version": 0,
          "attributes": {
            "id": "/subscriptions/5b8acbac-8feb-4a3b-b11d-55d689283fec/resourceGroups/azure-cluster-rv-vnet-rg/providers/Microsoft.Network/virtualNetworks/azure-cluster-rv-vnet-rg/subnets/default",
            "nat_gateway_id": "/subscriptions/5b8acbac-8feb-4a3b-b11d-55d689283fec/resourceGroups/azure-cluster-rv-vnet-rg/providers/Microsoft.Network/natGateways/azure-cluster-rv-vnet-rg-nat-gateway",
            "subnet_id": "/subscriptions/5b8acbac-8feb-4a3b-b11d-55d689283fec/resourceGroups/azure-cluster-rv-vnet-rg/providers/Microsoft.Network/virtualNetworks/azure-cluster-rv-vnet-rg/subnets/default",
            "timeouts": null
          },
          "sensitive_attributes": [],
          "private": "eyJlMmJmYjczMC1lY2FhLTExZTYtOGY4OC0zNDM2M2JjN2M0YzAiOnsiY3JlYXRlIjoxODAwMDAwMDAwMDAwLCJkZWxldGUiOjE4MDAwMDAwMDAwMDAsInJlYWQiOjMwMDAwMDAwMDAwMCwidXBkYXRlIjoxODAwMDAwMDAwMDAwfX0=",
          "dependencies": [
            "module.aad_app.azuread_application.aad_app",
            "module.aad_app.azuread_service_principal.aad_app",
            "module.aad_app.azurerm_role_assignment.contributor",
            "module.aad_app.azurerm_role_assignment.key_vaule_admin",
            "module.aad_app.azurerm_role_assignment.user_access_admin",
            "module.aad_app.data.azuread_client_config.current",
            "module.aad_app.data.azurerm_subscription.current",
            "module.cluster_vnet.azurerm_nat_gateway.nat_gateway",
            "module.cluster_vnet.azurerm_resource_group.vnet",
            "module.cluster_vnet.azurerm_subnet.default",
            "module.cluster_vnet.azurerm_virtual_network.vnet",
            "random_string.suffix"
          ]
        }
      ]
    },
    {
      "module": "module.cluster_vnet",
      "mode": "managed",
      "type": "azurerm_virtual_network",
      "name": "vnet",
      "provider": "provider[\"registry.terraform.io/hashicorp/azurerm\"]",
      "instances": [
        {
          "schema_version": 0,
          "attributes": {
            "address_space": [
              "10.0.0.0/16",
              "10.200.0.0/16"
            ],
            "bgp_community": "",
            "ddos_protection_plan": [],
            "dns_servers": [],
            "guid": "0c394532-53da-423b-99c0-56e4ae83159d",
            "id": "/subscriptions/5b8acbac-8feb-4a3b-b11d-55d689283fec/resourceGroups/azure-cluster-rv-vnet-rg/providers/Microsoft.Network/virtualNetworks/azure-cluster-rv-vnet-rg",
            "location": "eastasia",
            "name": "azure-cluster-rv-vnet-rg",
            "resource_group_name": "azure-cluster-rv-vnet-rg",
            "subnet": [
              {
                "address_prefix": "10.0.1.0/24",
                "id": "/subscriptions/5b8acbac-8feb-4a3b-b11d-55d689283fec/resourceGroups/azure-cluster-rv-vnet-rg/providers/Microsoft.Network/virtualNetworks/azure-cluster-rv-vnet-rg/subnets/default",
                "name": "default",
                "security_group": ""
              }
            ],
            "tags": {},
            "timeouts": null,
            "vm_protection_enabled": false
          },
          "sensitive_attributes": [],
          "private": "eyJlMmJmYjczMC1lY2FhLTExZTYtOGY4OC0zNDM2M2JjN2M0YzAiOnsiY3JlYXRlIjoxODAwMDAwMDAwMDAwLCJkZWxldGUiOjE4MDAwMDAwMDAwMDAsInJlYWQiOjMwMDAwMDAwMDAwMCwidXBkYXRlIjoxODAwMDAwMDAwMDAwfX0=",
          "dependencies": [
            "module.aad_app.azuread_application.aad_app",
            "module.aad_app.azuread_service_principal.aad_app",
            "module.aad_app.azurerm_role_assignment.contributor",
            "module.aad_app.azurerm_role_assignment.key_vaule_admin",
            "module.aad_app.azurerm_role_assignment.user_access_admin",
            "module.aad_app.data.azuread_client_config.current",
            "module.aad_app.data.azurerm_subscription.current",
            "module.cluster_vnet.azurerm_resource_group.vnet",
            "random_string.suffix"
          ]
        }
      ]
    }
  ],
  "check_results": null
}
